
Microsoft Visual Studio Solution File, Format Version 12.00
# Visual Studio 14
VisualStudioVersion = 14.0.25420.1
MinimumVisualStudioVersion = 10.0.40219.1
Project("{8BC9CEB8-8B4A-11D0-8D11-00A0C91BC942}") = "Current", "Current\Current.vcxproj", "{95ADA766-E8FB-4379-A859-47B81B6D2D8D}"
EndProject
Project("{8BC9CEB8-8B4A-11D0-8D11-00A0C91BC942}") = "Tests", "Tests\Tests.vcxproj", "{19C17192-B715-490B-B29A-F2D67F91A641}"
EndProject
Project("{8BC9CEB8-8B4A-11D0-8D11-00A0C91BC942}") = "AntiCheat", "AntiCheat\AntiCheat.vcxproj", "{334A7253-5FF5-4308-BB9B-58321300DC1E}"
EndProject
Project("{8BC9CEB8-8B4A-11D0-8D11-00A0C91BC942}") = "AntiCheatLibrary", "AntiCheatLibrary\AntiCheatLibrary.vcxproj", "{71DBFEC4-4213-4F55-8B00-236D3F4A2C73}"
EndProject
Project("{8BC9CEB8-8B4A-11D0-8D11-00A0C91BC942}") = "Driver", "Driver\Driver.vcxproj", "{C4D9CDD9-239F-45B8-974B-CF956F564B5D}"
EndProject
Project("{8BC9CEB8-8B4A-11D0-8D11-00A0C91BC942}") = "PolicyRemover", "PolicyRemover\PolicyRemover.vcxproj", "{7C6AD078-FCA6-488A-970F-0805D24BF92D}"
EndProject
Project("{8BC9CEB8-8B4A-11D0-8D11-00A0C91BC942}") = "BlindProcess", "BlindProcess\BlindProcess.vcxproj", "{113CC137-97C1-4C2C-B659-6B2F6B39F593}"
EndProject
Project("{8BC9CEB8-8B4A-11D0-8D11-00A0C91BC942}") = "Inject", "Inject\Inject.vcxproj", "{7487DF34-99AF-4B1E-BFE6-FC60436C25AD}"
EndProject
Global
	GlobalSection(SolutionConfigurationPlatforms) = preSolution
		Debug|ARM = Debug|ARM
		Debug|ARM64 = Debug|ARM64
		Debug|x64 = Debug|x64
		Debug|x86 = Debug|x86
		DYNAMIC_DEBUG|ARM = DYNAMIC_DEBUG|ARM
		DYNAMIC_DEBUG|ARM64 = DYNAMIC_DEBUG|ARM64
		DYNAMIC_DEBUG|x64 = DYNAMIC_DEBUG|x64
		DYNAMIC_DEBUG|x86 = DYNAMIC_DEBUG|x86
		DYNAMIC_RELEASE|ARM = DYNAMIC_RELEASE|ARM
		DYNAMIC_RELEASE|ARM64 = DYNAMIC_RELEASE|ARM64
		DYNAMIC_RELEASE|x64 = DYNAMIC_RELEASE|x64
		DYNAMIC_RELEASE|x86 = DYNAMIC_RELEASE|x86
		Release|ARM = Release|ARM
		Release|ARM64 = Release|ARM64
		Release|x64 = Release|x64
		Release|x86 = Release|x86
		STATIC_DEBUG|ARM = STATIC_DEBUG|ARM
		STATIC_DEBUG|ARM64 = STATIC_DEBUG|ARM64
		STATIC_DEBUG|x64 = STATIC_DEBUG|x64
		STATIC_DEBUG|x86 = STATIC_DEBUG|x86
		STATIC_RELEASE|ARM = STATIC_RELEASE|ARM
		STATIC_RELEASE|ARM64 = STATIC_RELEASE|ARM64
		STATIC_RELEASE|x64 = STATIC_RELEASE|x64
		STATIC_RELEASE|x86 = STATIC_RELEASE|x86
	EndGlobalSection
	GlobalSection(ProjectConfigurationPlatforms) = postSolution
		{95ADA766-E8FB-4379-A859-47B81B6D2D8D}.Debug|ARM.ActiveCfg = Debug|Win32
		{95ADA766-E8FB-4379-A859-47B81B6D2D8D}.Debug|ARM64.ActiveCfg = Debug|Win32
		{95ADA766-E8FB-4379-A859-47B81B6D2D8D}.Debug|x64.ActiveCfg = Debug|x64
		{95ADA766-E8FB-4379-A859-47B81B6D2D8D}.Debug|x64.Build.0 = Debug|x64
		{95ADA766-E8FB-4379-A859-47B81B6D2D8D}.Debug|x86.ActiveCfg = Debug|Win32
		{95ADA766-E8FB-4379-A859-47B81B6D2D8D}.Debug|x86.Build.0 = Debug|Win32
		{95ADA766-E8FB-4379-A859-47B81B6D2D8D}.DYNAMIC_DEBUG|ARM.ActiveCfg = DYNAMIC_DEBUG|Win32
		{95ADA766-E8FB-4379-A859-47B81B6D2D8D}.DYNAMIC_DEBUG|ARM64.ActiveCfg = DYNAMIC_DEBUG|Win32
		{95ADA766-E8FB-4379-A859-47B81B6D2D8D}.DYNAMIC_DEBUG|x64.ActiveCfg = DYNAMIC_DEBUG|x64
		{95ADA766-E8FB-4379-A859-47B81B6D2D8D}.DYNAMIC_DEBUG|x64.Build.0 = DYNAMIC_DEBUG|x64
		{95ADA766-E8FB-4379-A859-47B81B6D2D8D}.DYNAMIC_DEBUG|x86.ActiveCfg = DYNAMIC_DEBUG|Win32
		{95ADA766-E8FB-4379-A859-47B81B6D2D8D}.DYNAMIC_DEBUG|x86.Build.0 = DYNAMIC_DEBUG|Win32
		{95ADA766-E8FB-4379-A859-47B81B6D2D8D}.DYNAMIC_RELEASE|ARM.ActiveCfg = DYNAMIC_RELEASE|Win32
		{95ADA766-E8FB-4379-A859-47B81B6D2D8D}.DYNAMIC_RELEASE|ARM64.ActiveCfg = DYNAMIC_RELEASE|Win32
		{95ADA766-E8FB-4379-A859-47B81B6D2D8D}.DYNAMIC_RELEASE|x64.ActiveCfg = DYNAMIC_RELEASE|x64
		{95ADA766-E8FB-4379-A859-47B81B6D2D8D}.DYNAMIC_RELEASE|x64.Build.0 = DYNAMIC_RELEASE|x64
		{95ADA766-E8FB-4379-A859-47B81B6D2D8D}.DYNAMIC_RELEASE|x86.ActiveCfg = DYNAMIC_RELEASE|Win32
		{95ADA766-E8FB-4379-A859-47B81B6D2D8D}.DYNAMIC_RELEASE|x86.Build.0 = DYNAMIC_RELEASE|Win32
		{95ADA766-E8FB-4379-A859-47B81B6D2D8D}.Release|ARM.ActiveCfg = Release|Win32
		{95ADA766-E8FB-4379-A859-47B81B6D2D8D}.Release|ARM64.ActiveCfg = Release|Win32
		{95ADA766-E8FB-4379-A859-47B81B6D2D8D}.Release|x64.ActiveCfg = Release|x64
		{95ADA766-E8FB-4379-A859-47B81B6D2D8D}.Release|x64.Build.0 = Release|x64
		{95ADA766-E8FB-4379-A859-47B81B6D2D8D}.Release|x86.ActiveCfg = Release|Win32
		{95ADA766-E8FB-4379-A859-47B81B6D2D8D}.Release|x86.Build.0 = Release|Win32
		{95ADA766-E8FB-4379-A859-47B81B6D2D8D}.STATIC_DEBUG|ARM.ActiveCfg = Release|Win32
		{95ADA766-E8FB-4379-A859-47B81B6D2D8D}.STATIC_DEBUG|ARM.Build.0 = Release|Win32
		{95ADA766-E8FB-4379-A859-47B81B6D2D8D}.STATIC_DEBUG|ARM64.ActiveCfg = Release|Win32
		{95ADA766-E8FB-4379-A859-47B81B6D2D8D}.STATIC_DEBUG|ARM64.Build.0 = Release|Win32
		{95ADA766-E8FB-4379-A859-47B81B6D2D8D}.STATIC_DEBUG|x64.ActiveCfg = Debug|x64
		{95ADA766-E8FB-4379-A859-47B81B6D2D8D}.STATIC_DEBUG|x64.Build.0 = Debug|x64
		{95ADA766-E8FB-4379-A859-47B81B6D2D8D}.STATIC_DEBUG|x86.ActiveCfg = Debug|Win32
		{95ADA766-E8FB-4379-A859-47B81B6D2D8D}.STATIC_DEBUG|x86.Build.0 = Debug|Win32
		{95ADA766-E8FB-4379-A859-47B81B6D2D8D}.STATIC_RELEASE|ARM.ActiveCfg = Release|Win32
		{95ADA766-E8FB-4379-A859-47B81B6D2D8D}.STATIC_RELEASE|ARM.Build.0 = Release|Win32
		{95ADA766-E8FB-4379-A859-47B81B6D2D8D}.STATIC_RELEASE|ARM64.ActiveCfg = Release|Win32
		{95ADA766-E8FB-4379-A859-47B81B6D2D8D}.STATIC_RELEASE|ARM64.Build.0 = Release|Win32
		{95ADA766-E8FB-4379-A859-47B81B6D2D8D}.STATIC_RELEASE|x64.ActiveCfg = Release|x64
		{95ADA766-E8FB-4379-A859-47B81B6D2D8D}.STATIC_RELEASE|x64.Build.0 = Release|x64
		{95ADA766-E8FB-4379-A859-47B81B6D2D8D}.STATIC_RELEASE|x86.ActiveCfg = Release|Win32
		{95ADA766-E8FB-4379-A859-47B81B6D2D8D}.STATIC_RELEASE|x86.Build.0 = Release|Win32
		{19C17192-B715-490B-B29A-F2D67F91A641}.Debug|ARM.ActiveCfg = Debug|Win32
		{19C17192-B715-490B-B29A-F2D67F91A641}.Debug|ARM64.ActiveCfg = Debug|Win32
		{19C17192-B715-490B-B29A-F2D67F91A641}.Debug|x64.ActiveCfg = Debug|x64
		{19C17192-B715-490B-B29A-F2D67F91A641}.Debug|x64.Build.0 = Debug|x64
		{19C17192-B715-490B-B29A-F2D67F91A641}.Debug|x86.ActiveCfg = Debug|Win32
		{19C17192-B715-490B-B29A-F2D67F91A641}.Debug|x86.Build.0 = Debug|Win32
		{19C17192-B715-490B-B29A-F2D67F91A641}.DYNAMIC_DEBUG|ARM.ActiveCfg = Release|Win32
		{19C17192-B715-490B-B29A-F2D67F91A641}.DYNAMIC_DEBUG|ARM.Build.0 = Release|Win32
		{19C17192-B715-490B-B29A-F2D67F91A641}.DYNAMIC_DEBUG|ARM64.ActiveCfg = Release|Win32
		{19C17192-B715-490B-B29A-F2D67F91A641}.DYNAMIC_DEBUG|ARM64.Build.0 = Release|Win32
		{19C17192-B715-490B-B29A-F2D67F91A641}.DYNAMIC_DEBUG|x64.ActiveCfg = Debug|x64
		{19C17192-B715-490B-B29A-F2D67F91A641}.DYNAMIC_DEBUG|x64.Build.0 = Debug|x64
		{19C17192-B715-490B-B29A-F2D67F91A641}.DYNAMIC_DEBUG|x86.ActiveCfg = Debug|Win32
		{19C17192-B715-490B-B29A-F2D67F91A641}.DYNAMIC_DEBUG|x86.Build.0 = Debug|Win32
		{19C17192-B715-490B-B29A-F2D67F91A641}.DYNAMIC_RELEASE|ARM.ActiveCfg = Release|Win32
		{19C17192-B715-490B-B29A-F2D67F91A641}.DYNAMIC_RELEASE|ARM.Build.0 = Release|Win32
		{19C17192-B715-490B-B29A-F2D67F91A641}.DYNAMIC_RELEASE|ARM64.ActiveCfg = Release|Win32
		{19C17192-B715-490B-B29A-F2D67F91A641}.DYNAMIC_RELEASE|ARM64.Build.0 = Release|Win32
		{19C17192-B715-490B-B29A-F2D67F91A641}.DYNAMIC_RELEASE|x64.ActiveCfg = Release|x64
		{19C17192-B715-490B-B29A-F2D67F91A641}.DYNAMIC_RELEASE|x64.Build.0 = Release|x64
		{19C17192-B715-490B-B29A-F2D67F91A641}.DYNAMIC_RELEASE|x86.ActiveCfg = Release|Win32
		{19C17192-B715-490B-B29A-F2D67F91A641}.DYNAMIC_RELEASE|x86.Build.0 = Release|Win32
		{19C17192-B715-490B-B29A-F2D67F91A641}.Release|ARM.ActiveCfg = Release|Win32
		{19C17192-B715-490B-B29A-F2D67F91A641}.Release|ARM64.ActiveCfg = Release|Win32
		{19C17192-B715-490B-B29A-F2D67F91A641}.Release|x64.ActiveCfg = Release|x64
		{19C17192-B715-490B-B29A-F2D67F91A641}.Release|x64.Build.0 = Release|x64
		{19C17192-B715-490B-B29A-F2D67F91A641}.Release|x86.ActiveCfg = Release|Win32
		{19C17192-B715-490B-B29A-F2D67F91A641}.Release|x86.Build.0 = Release|Win32
		{19C17192-B715-490B-B29A-F2D67F91A641}.STATIC_DEBUG|ARM.ActiveCfg = Release|Win32
		{19C17192-B715-490B-B29A-F2D67F91A641}.STATIC_DEBUG|ARM.Build.0 = Release|Win32
		{19C17192-B715-490B-B29A-F2D67F91A641}.STATIC_DEBUG|ARM64.ActiveCfg = Release|Win32
		{19C17192-B715-490B-B29A-F2D67F91A641}.STATIC_DEBUG|ARM64.Build.0 = Release|Win32
		{19C17192-B715-490B-B29A-F2D67F91A641}.STATIC_DEBUG|x64.ActiveCfg = Debug|x64
		{19C17192-B715-490B-B29A-F2D67F91A641}.STATIC_DEBUG|x64.Build.0 = Debug|x64
		{19C17192-B715-490B-B29A-F2D67F91A641}.STATIC_DEBUG|x86.ActiveCfg = Debug|Win32
		{19C17192-B715-490B-B29A-F2D67F91A641}.STATIC_DEBUG|x86.Build.0 = Debug|Win32
		{19C17192-B715-490B-B29A-F2D67F91A641}.STATIC_RELEASE|ARM.ActiveCfg = Release|Win32
		{19C17192-B715-490B-B29A-F2D67F91A641}.STATIC_RELEASE|ARM.Build.0 = Release|Win32
		{19C17192-B715-490B-B29A-F2D67F91A641}.STATIC_RELEASE|ARM64.ActiveCfg = Release|Win32
		{19C17192-B715-490B-B29A-F2D67F91A641}.STATIC_RELEASE|ARM64.Build.0 = Release|Win32
		{19C17192-B715-490B-B29A-F2D67F91A641}.STATIC_RELEASE|x64.ActiveCfg = Release|x64
		{19C17192-B715-490B-B29A-F2D67F91A641}.STATIC_RELEASE|x64.Build.0 = Release|x64
		{19C17192-B715-490B-B29A-F2D67F91A641}.STATIC_RELEASE|x86.ActiveCfg = Release|Win32
		{19C17192-B715-490B-B29A-F2D67F91A641}.STATIC_RELEASE|x86.Build.0 = Release|Win32
		{334A7253-5FF5-4308-BB9B-58321300DC1E}.Debug|ARM.ActiveCfg = Debug|Win32
		{334A7253-5FF5-4308-BB9B-58321300DC1E}.Debug|ARM64.ActiveCfg = Debug|Win32
		{334A7253-5FF5-4308-BB9B-58321300DC1E}.Debug|x64.ActiveCfg = Debug|x64
		{334A7253-5FF5-4308-BB9B-58321300DC1E}.Debug|x64.Build.0 = Debug|x64
		{334A7253-5FF5-4308-BB9B-58321300DC1E}.Debug|x86.ActiveCfg = Debug|Win32
		{334A7253-5FF5-4308-BB9B-58321300DC1E}.Debug|x86.Build.0 = Debug|Win32
		{334A7253-5FF5-4308-BB9B-58321300DC1E}.DYNAMIC_DEBUG|ARM.ActiveCfg = Release|Win32
		{334A7253-5FF5-4308-BB9B-58321300DC1E}.DYNAMIC_DEBUG|ARM.Build.0 = Release|Win32
		{334A7253-5FF5-4308-BB9B-58321300DC1E}.DYNAMIC_DEBUG|ARM64.ActiveCfg = Release|Win32
		{334A7253-5FF5-4308-BB9B-58321300DC1E}.DYNAMIC_DEBUG|ARM64.Build.0 = Release|Win32
		{334A7253-5FF5-4308-BB9B-58321300DC1E}.DYNAMIC_DEBUG|x64.ActiveCfg = Debug|x64
		{334A7253-5FF5-4308-BB9B-58321300DC1E}.DYNAMIC_DEBUG|x64.Build.0 = Debug|x64
		{334A7253-5FF5-4308-BB9B-58321300DC1E}.DYNAMIC_DEBUG|x86.ActiveCfg = Debug|Win32
		{334A7253-5FF5-4308-BB9B-58321300DC1E}.DYNAMIC_DEBUG|x86.Build.0 = Debug|Win32
		{334A7253-5FF5-4308-BB9B-58321300DC1E}.DYNAMIC_RELEASE|ARM.ActiveCfg = Release|Win32
		{334A7253-5FF5-4308-BB9B-58321300DC1E}.DYNAMIC_RELEASE|ARM.Build.0 = Release|Win32
		{334A7253-5FF5-4308-BB9B-58321300DC1E}.DYNAMIC_RELEASE|ARM64.ActiveCfg = Release|Win32
		{334A7253-5FF5-4308-BB9B-58321300DC1E}.DYNAMIC_RELEASE|ARM64.Build.0 = Release|Win32
		{334A7253-5FF5-4308-BB9B-58321300DC1E}.DYNAMIC_RELEASE|x64.ActiveCfg = Release|x64
		{334A7253-5FF5-4308-BB9B-58321300DC1E}.DYNAMIC_RELEASE|x64.Build.0 = Release|x64
		{334A7253-5FF5-4308-BB9B-58321300DC1E}.DYNAMIC_RELEASE|x86.ActiveCfg = Release|Win32
		{334A7253-5FF5-4308-BB9B-58321300DC1E}.DYNAMIC_RELEASE|x86.Build.0 = Release|Win32
		{334A7253-5FF5-4308-BB9B-58321300DC1E}.Release|ARM.ActiveCfg = Release|Win32
		{334A7253-5FF5-4308-BB9B-58321300DC1E}.Release|ARM64.ActiveCfg = Release|Win32
		{334A7253-5FF5-4308-BB9B-58321300DC1E}.Release|x64.ActiveCfg = Release|x64
		{334A7253-5FF5-4308-BB9B-58321300DC1E}.Release|x64.Build.0 = Release|x64
		{334A7253-5FF5-4308-BB9B-58321300DC1E}.Release|x86.ActiveCfg = Release|Win32
		{334A7253-5FF5-4308-BB9B-58321300DC1E}.Release|x86.Build.0 = Release|Win32
		{334A7253-5FF5-4308-BB9B-58321300DC1E}.STATIC_DEBUG|ARM.ActiveCfg = Release|Win32
		{334A7253-5FF5-4308-BB9B-58321300DC1E}.STATIC_DEBUG|ARM.Build.0 = Release|Win32
		{334A7253-5FF5-4308-BB9B-58321300DC1E}.STATIC_DEBUG|ARM64.ActiveCfg = Release|Win32
		{334A7253-5FF5-4308-BB9B-58321300DC1E}.STATIC_DEBUG|ARM64.Build.0 = Release|Win32
		{334A7253-5FF5-4308-BB9B-58321300DC1E}.STATIC_DEBUG|x64.ActiveCfg = Debug|x64
		{334A7253-5FF5-4308-BB9B-58321300DC1E}.STATIC_DEBUG|x64.Build.0 = Debug|x64
		{334A7253-5FF5-4308-BB9B-58321300DC1E}.STATIC_DEBUG|x86.ActiveCfg = Debug|Win32
		{334A7253-5FF5-4308-BB9B-58321300DC1E}.STATIC_DEBUG|x86.Build.0 = Debug|Win32
		{334A7253-5FF5-4308-BB9B-58321300DC1E}.STATIC_RELEASE|ARM.ActiveCfg = Release|Win32
		{334A7253-5FF5-4308-BB9B-58321300DC1E}.STATIC_RELEASE|ARM.Build.0 = Release|Win32
		{334A7253-5FF5-4308-BB9B-58321300DC1E}.STATIC_RELEASE|ARM64.ActiveCfg = Release|Win32
		{334A7253-5FF5-4308-BB9B-58321300DC1E}.STATIC_RELEASE|ARM64.Build.0 = Release|Win32
		{334A7253-5FF5-4308-BB9B-58321300DC1E}.STATIC_RELEASE|x64.ActiveCfg = Release|x64
		{334A7253-5FF5-4308-BB9B-58321300DC1E}.STATIC_RELEASE|x64.Build.0 = Release|x64
		{334A7253-5FF5-4308-BB9B-58321300DC1E}.STATIC_RELEASE|x86.ActiveCfg = Release|Win32
		{334A7253-5FF5-4308-BB9B-58321300DC1E}.STATIC_RELEASE|x86.Build.0 = Release|Win32
		{71DBFEC4-4213-4F55-8B00-236D3F4A2C73}.Debug|ARM.ActiveCfg = Debug|Win32
		{71DBFEC4-4213-4F55-8B00-236D3F4A2C73}.Debug|ARM64.ActiveCfg = Debug|Win32
		{71DBFEC4-4213-4F55-8B00-236D3F4A2C73}.Debug|x64.ActiveCfg = Debug|x64
		{71DBFEC4-4213-4F55-8B00-236D3F4A2C73}.Debug|x64.Build.0 = Debug|x64
		{71DBFEC4-4213-4F55-8B00-236D3F4A2C73}.Debug|x86.ActiveCfg = Debug|Win32
		{71DBFEC4-4213-4F55-8B00-236D3F4A2C73}.Debug|x86.Build.0 = Debug|Win32
		{71DBFEC4-4213-4F55-8B00-236D3F4A2C73}.DYNAMIC_DEBUG|ARM.ActiveCfg = Release|Win32
		{71DBFEC4-4213-4F55-8B00-236D3F4A2C73}.DYNAMIC_DEBUG|ARM.Build.0 = Release|Win32
		{71DBFEC4-4213-4F55-8B00-236D3F4A2C73}.DYNAMIC_DEBUG|ARM64.ActiveCfg = Release|Win32
		{71DBFEC4-4213-4F55-8B00-236D3F4A2C73}.DYNAMIC_DEBUG|ARM64.Build.0 = Release|Win32
		{71DBFEC4-4213-4F55-8B00-236D3F4A2C73}.DYNAMIC_DEBUG|x64.ActiveCfg = Debug|x64
		{71DBFEC4-4213-4F55-8B00-236D3F4A2C73}.DYNAMIC_DEBUG|x64.Build.0 = Debug|x64
		{71DBFEC4-4213-4F55-8B00-236D3F4A2C73}.DYNAMIC_DEBUG|x86.ActiveCfg = Debug|Win32
		{71DBFEC4-4213-4F55-8B00-236D3F4A2C73}.DYNAMIC_DEBUG|x86.Build.0 = Debug|Win32
		{71DBFEC4-4213-4F55-8B00-236D3F4A2C73}.DYNAMIC_RELEASE|ARM.ActiveCfg = Release|Win32
		{71DBFEC4-4213-4F55-8B00-236D3F4A2C73}.DYNAMIC_RELEASE|ARM.Build.0 = Release|Win32
		{71DBFEC4-4213-4F55-8B00-236D3F4A2C73}.DYNAMIC_RELEASE|ARM64.ActiveCfg = Release|Win32
		{71DBFEC4-4213-4F55-8B00-236D3F4A2C73}.DYNAMIC_RELEASE|ARM64.Build.0 = Release|Win32
		{71DBFEC4-4213-4F55-8B00-236D3F4A2C73}.DYNAMIC_RELEASE|x64.ActiveCfg = Release|x64
		{71DBFEC4-4213-4F55-8B00-236D3F4A2C73}.DYNAMIC_RELEASE|x64.Build.0 = Release|x64
		{71DBFEC4-4213-4F55-8B00-236D3F4A2C73}.DYNAMIC_RELEASE|x86.ActiveCfg = Release|Win32
		{71DBFEC4-4213-4F55-8B00-236D3F4A2C73}.DYNAMIC_RELEASE|x86.Build.0 = Release|Win32
		{71DBFEC4-4213-4F55-8B00-236D3F4A2C73}.Release|ARM.ActiveCfg = Release|Win32
		{71DBFEC4-4213-4F55-8B00-236D3F4A2C73}.Release|ARM64.ActiveCfg = Release|Win32
		{71DBFEC4-4213-4F55-8B00-236D3F4A2C73}.Release|x64.ActiveCfg = Release|x64
		{71DBFEC4-4213-4F55-8B00-236D3F4A2C73}.Release|x64.Build.0 = Release|x64
		{71DBFEC4-4213-4F55-8B00-236D3F4A2C73}.Release|x86.ActiveCfg = Release|Win32
		{71DBFEC4-4213-4F55-8B00-236D3F4A2C73}.Release|x86.Build.0 = Release|Win32
		{71DBFEC4-4213-4F55-8B00-236D3F4A2C73}.STATIC_DEBUG|ARM.ActiveCfg = Release|Win32
		{71DBFEC4-4213-4F55-8B00-236D3F4A2C73}.STATIC_DEBUG|ARM.Build.0 = Release|Win32
		{71DBFEC4-4213-4F55-8B00-236D3F4A2C73}.STATIC_DEBUG|ARM64.ActiveCfg = Release|Win32
		{71DBFEC4-4213-4F55-8B00-236D3F4A2C73}.STATIC_DEBUG|ARM64.Build.0 = Release|Win32
		{71DBFEC4-4213-4F55-8B00-236D3F4A2C73}.STATIC_DEBUG|x64.ActiveCfg = Debug|x64
		{71DBFEC4-4213-4F55-8B00-236D3F4A2C73}.STATIC_DEBUG|x64.Build.0 = Debug|x64
		{71DBFEC4-4213-4F55-8B00-236D3F4A2C73}.STATIC_DEBUG|x86.ActiveCfg = Debug|Win32
		{71DBFEC4-4213-4F55-8B00-236D3F4A2C73}.STATIC_DEBUG|x86.Build.0 = Debug|Win32
		{71DBFEC4-4213-4F55-8B00-236D3F4A2C73}.STATIC_RELEASE|ARM.ActiveCfg = Release|Win32
		{71DBFEC4-4213-4F55-8B00-236D3F4A2C73}.STATIC_RELEASE|ARM.Build.0 = Release|Win32
		{71DBFEC4-4213-4F55-8B00-236D3F4A2C73}.STATIC_RELEASE|ARM64.ActiveCfg = Release|Win32
		{71DBFEC4-4213-4F55-8B00-236D3F4A2C73}.STATIC_RELEASE|ARM64.Build.0 = Release|Win32
		{71DBFEC4-4213-4F55-8B00-236D3F4A2C73}.STATIC_RELEASE|x64.ActiveCfg = Release|x64
		{71DBFEC4-4213-4F55-8B00-236D3F4A2C73}.STATIC_RELEASE|x64.Build.0 = Release|x64
		{71DBFEC4-4213-4F55-8B00-236D3F4A2C73}.STATIC_RELEASE|x86.ActiveCfg = Release|Win32
		{71DBFEC4-4213-4F55-8B00-236D3F4A2C73}.STATIC_RELEASE|x86.Build.0 = Release|Win32
		{C4D9CDD9-239F-45B8-974B-CF956F564B5D}.Debug|ARM.ActiveCfg = Debug|ARM
		{C4D9CDD9-239F-45B8-974B-CF956F564B5D}.Debug|ARM.Build.0 = Debug|ARM
		{C4D9CDD9-239F-45B8-974B-CF956F564B5D}.Debug|ARM.Deploy.0 = Debug|ARM
		{C4D9CDD9-239F-45B8-974B-CF956F564B5D}.Debug|ARM64.ActiveCfg = Debug|ARM64
		{C4D9CDD9-239F-45B8-974B-CF956F564B5D}.Debug|ARM64.Build.0 = Debug|ARM64
		{C4D9CDD9-239F-45B8-974B-CF956F564B5D}.Debug|ARM64.Deploy.0 = Debug|ARM64
		{C4D9CDD9-239F-45B8-974B-CF956F564B5D}.Debug|x64.ActiveCfg = Debug|x64
		{C4D9CDD9-239F-45B8-974B-CF956F564B5D}.Debug|x64.Build.0 = Debug|x64
		{C4D9CDD9-239F-45B8-974B-CF956F564B5D}.Debug|x64.Deploy.0 = Debug|x64
		{C4D9CDD9-239F-45B8-974B-CF956F564B5D}.Debug|x86.ActiveCfg = Debug|Win32
		{C4D9CDD9-239F-45B8-974B-CF956F564B5D}.Debug|x86.Build.0 = Debug|Win32
		{C4D9CDD9-239F-45B8-974B-CF956F564B5D}.Debug|x86.Deploy.0 = Debug|Win32
		{C4D9CDD9-239F-45B8-974B-CF956F564B5D}.DYNAMIC_DEBUG|ARM.ActiveCfg = Debug|ARM
		{C4D9CDD9-239F-45B8-974B-CF956F564B5D}.DYNAMIC_DEBUG|ARM.Build.0 = Debug|ARM
		{C4D9CDD9-239F-45B8-974B-CF956F564B5D}.DYNAMIC_DEBUG|ARM.Deploy.0 = Debug|ARM
		{C4D9CDD9-239F-45B8-974B-CF956F564B5D}.DYNAMIC_DEBUG|ARM64.ActiveCfg = Debug|ARM64
		{C4D9CDD9-239F-45B8-974B-CF956F564B5D}.DYNAMIC_DEBUG|ARM64.Build.0 = Debug|ARM64
		{C4D9CDD9-239F-45B8-974B-CF956F564B5D}.DYNAMIC_DEBUG|ARM64.Deploy.0 = Debug|ARM64
		{C4D9CDD9-239F-45B8-974B-CF956F564B5D}.DYNAMIC_DEBUG|x64.ActiveCfg = Debug|x64
		{C4D9CDD9-239F-45B8-974B-CF956F564B5D}.DYNAMIC_DEBUG|x64.Build.0 = Debug|x64
		{C4D9CDD9-239F-45B8-974B-CF956F564B5D}.DYNAMIC_DEBUG|x64.Deploy.0 = Debug|x64
		{C4D9CDD9-239F-45B8-974B-CF956F564B5D}.DYNAMIC_DEBUG|x86.ActiveCfg = Debug|Win32
		{C4D9CDD9-239F-45B8-974B-CF956F564B5D}.DYNAMIC_DEBUG|x86.Build.0 = Debug|Win32
		{C4D9CDD9-239F-45B8-974B-CF956F564B5D}.DYNAMIC_DEBUG|x86.Deploy.0 = Debug|Win32
		{C4D9CDD9-239F-45B8-974B-CF956F564B5D}.DYNAMIC_RELEASE|ARM.ActiveCfg = Debug|ARM
		{C4D9CDD9-239F-45B8-974B-CF956F564B5D}.DYNAMIC_RELEASE|ARM.Build.0 = Debug|ARM
		{C4D9CDD9-239F-45B8-974B-CF956F564B5D}.DYNAMIC_RELEASE|ARM.Deploy.0 = Debug|ARM
		{C4D9CDD9-239F-45B8-974B-CF956F564B5D}.DYNAMIC_RELEASE|ARM64.ActiveCfg = Debug|ARM64
		{C4D9CDD9-239F-45B8-974B-CF956F564B5D}.DYNAMIC_RELEASE|ARM64.Build.0 = Debug|ARM64
		{C4D9CDD9-239F-45B8-974B-CF956F564B5D}.DYNAMIC_RELEASE|ARM64.Deploy.0 = Debug|ARM64
		{C4D9CDD9-239F-45B8-974B-CF956F564B5D}.DYNAMIC_RELEASE|x64.ActiveCfg = Release|x64
		{C4D9CDD9-239F-45B8-974B-CF956F564B5D}.DYNAMIC_RELEASE|x64.Build.0 = Release|x64
		{C4D9CDD9-239F-45B8-974B-CF956F564B5D}.DYNAMIC_RELEASE|x64.Deploy.0 = Release|x64
		{C4D9CDD9-239F-45B8-974B-CF956F564B5D}.DYNAMIC_RELEASE|x86.ActiveCfg = Release|Win32
		{C4D9CDD9-239F-45B8-974B-CF956F564B5D}.DYNAMIC_RELEASE|x86.Build.0 = Release|Win32
		{C4D9CDD9-239F-45B8-974B-CF956F564B5D}.DYNAMIC_RELEASE|x86.Deploy.0 = Release|Win32
		{C4D9CDD9-239F-45B8-974B-CF956F564B5D}.Release|ARM.ActiveCfg = Release|ARM
		{C4D9CDD9-239F-45B8-974B-CF956F564B5D}.Release|ARM.Build.0 = Release|ARM
		{C4D9CDD9-239F-45B8-974B-CF956F564B5D}.Release|ARM.Deploy.0 = Release|ARM
		{C4D9CDD9-239F-45B8-974B-CF956F564B5D}.Release|ARM64.ActiveCfg = Release|ARM64
		{C4D9CDD9-239F-45B8-974B-CF956F564B5D}.Release|ARM64.Build.0 = Release|ARM64
		{C4D9CDD9-239F-45B8-974B-CF956F564B5D}.Release|ARM64.Deploy.0 = Release|ARM64
		{C4D9CDD9-239F-45B8-974B-CF956F564B5D}.Release|x64.ActiveCfg = Release|x64
		{C4D9CDD9-239F-45B8-974B-CF956F564B5D}.Release|x64.Build.0 = Release|x64
		{C4D9CDD9-239F-45B8-974B-CF956F564B5D}.Release|x64.Deploy.0 = Release|x64
		{C4D9CDD9-239F-45B8-974B-CF956F564B5D}.Release|x86.ActiveCfg = Release|Win32
		{C4D9CDD9-239F-45B8-974B-CF956F564B5D}.Release|x86.Build.0 = Release|Win32
		{C4D9CDD9-239F-45B8-974B-CF956F564B5D}.Release|x86.Deploy.0 = Release|Win32
		{C4D9CDD9-239F-45B8-974B-CF956F564B5D}.STATIC_DEBUG|ARM.ActiveCfg = Release|ARM
		{C4D9CDD9-239F-45B8-974B-CF956F564B5D}.STATIC_DEBUG|ARM.Build.0 = Release|ARM
		{C4D9CDD9-239F-45B8-974B-CF956F564B5D}.STATIC_DEBUG|ARM.Deploy.0 = Release|ARM
		{C4D9CDD9-239F-45B8-974B-CF956F564B5D}.STATIC_DEBUG|ARM64.ActiveCfg = Release|ARM64
		{C4D9CDD9-239F-45B8-974B-CF956F564B5D}.STATIC_DEBUG|ARM64.Build.0 = Release|ARM64
		{C4D9CDD9-239F-45B8-974B-CF956F564B5D}.STATIC_DEBUG|ARM64.Deploy.0 = Release|ARM64
		{C4D9CDD9-239F-45B8-974B-CF956F564B5D}.STATIC_DEBUG|x64.ActiveCfg = Debug|x64
		{C4D9CDD9-239F-45B8-974B-CF956F564B5D}.STATIC_DEBUG|x64.Build.0 = Debug|x64
		{C4D9CDD9-239F-45B8-974B-CF956F564B5D}.STATIC_DEBUG|x64.Deploy.0 = Debug|x64
		{C4D9CDD9-239F-45B8-974B-CF956F564B5D}.STATIC_DEBUG|x86.ActiveCfg = Debug|Win32
		{C4D9CDD9-239F-45B8-974B-CF956F564B5D}.STATIC_DEBUG|x86.Build.0 = Debug|Win32
		{C4D9CDD9-239F-45B8-974B-CF956F564B5D}.STATIC_DEBUG|x86.Deploy.0 = Debug|Win32
		{C4D9CDD9-239F-45B8-974B-CF956F564B5D}.STATIC_RELEASE|ARM.ActiveCfg = Release|ARM
		{C4D9CDD9-239F-45B8-974B-CF956F564B5D}.STATIC_RELEASE|ARM.Build.0 = Release|ARM
		{C4D9CDD9-239F-45B8-974B-CF956F564B5D}.STATIC_RELEASE|ARM.Deploy.0 = Release|ARM
		{C4D9CDD9-239F-45B8-974B-CF956F564B5D}.STATIC_RELEASE|ARM64.ActiveCfg = Release|ARM64
		{C4D9CDD9-239F-45B8-974B-CF956F564B5D}.STATIC_RELEASE|ARM64.Build.0 = Release|ARM64
		{C4D9CDD9-239F-45B8-974B-CF956F564B5D}.STATIC_RELEASE|ARM64.Deploy.0 = Release|ARM64
		{C4D9CDD9-239F-45B8-974B-CF956F564B5D}.STATIC_RELEASE|x64.ActiveCfg = Release|x64
		{C4D9CDD9-239F-45B8-974B-CF956F564B5D}.STATIC_RELEASE|x64.Build.0 = Release|x64
		{C4D9CDD9-239F-45B8-974B-CF956F564B5D}.STATIC_RELEASE|x64.Deploy.0 = Release|x64
		{C4D9CDD9-239F-45B8-974B-CF956F564B5D}.STATIC_RELEASE|x86.ActiveCfg = Release|Win32
		{C4D9CDD9-239F-45B8-974B-CF956F564B5D}.STATIC_RELEASE|x86.Build.0 = Release|Win32
		{C4D9CDD9-239F-45B8-974B-CF956F564B5D}.STATIC_RELEASE|x86.Deploy.0 = Release|Win32
		{7C6AD078-FCA6-488A-970F-0805D24BF92D}.Debug|ARM.ActiveCfg = Debug|Win32
		{7C6AD078-FCA6-488A-970F-0805D24BF92D}.Debug|ARM64.ActiveCfg = Debug|Win32
		{7C6AD078-FCA6-488A-970F-0805D24BF92D}.Debug|x64.ActiveCfg = Debug|x64
		{7C6AD078-FCA6-488A-970F-0805D24BF92D}.Debug|x64.Build.0 = Debug|x64
		{7C6AD078-FCA6-488A-970F-0805D24BF92D}.Debug|x86.ActiveCfg = Debug|Win32
		{7C6AD078-FCA6-488A-970F-0805D24BF92D}.Debug|x86.Build.0 = Debug|Win32
		{7C6AD078-FCA6-488A-970F-0805D24BF92D}.DYNAMIC_DEBUG|ARM.ActiveCfg = Release|x64
		{7C6AD078-FCA6-488A-970F-0805D24BF92D}.DYNAMIC_DEBUG|ARM.Build.0 = Release|x64
		{7C6AD078-FCA6-488A-970F-0805D24BF92D}.DYNAMIC_DEBUG|ARM64.ActiveCfg = Release|x64
		{7C6AD078-FCA6-488A-970F-0805D24BF92D}.DYNAMIC_DEBUG|ARM64.Build.0 = Release|x64
		{7C6AD078-FCA6-488A-970F-0805D24BF92D}.DYNAMIC_DEBUG|x64.ActiveCfg = Debug|x64
		{7C6AD078-FCA6-488A-970F-0805D24BF92D}.DYNAMIC_DEBUG|x64.Build.0 = Debug|x64
		{7C6AD078-FCA6-488A-970F-0805D24BF92D}.DYNAMIC_DEBUG|x86.ActiveCfg = Debug|Win32
		{7C6AD078-FCA6-488A-970F-0805D24BF92D}.DYNAMIC_DEBUG|x86.Build.0 = Debug|Win32
		{7C6AD078-FCA6-488A-970F-0805D24BF92D}.DYNAMIC_RELEASE|ARM.ActiveCfg = Release|x64
		{7C6AD078-FCA6-488A-970F-0805D24BF92D}.DYNAMIC_RELEASE|ARM.Build.0 = Release|x64
		{7C6AD078-FCA6-488A-970F-0805D24BF92D}.DYNAMIC_RELEASE|ARM64.ActiveCfg = Release|x64
		{7C6AD078-FCA6-488A-970F-0805D24BF92D}.DYNAMIC_RELEASE|ARM64.Build.0 = Release|x64
		{7C6AD078-FCA6-488A-970F-0805D24BF92D}.DYNAMIC_RELEASE|x64.ActiveCfg = Release|x64
		{7C6AD078-FCA6-488A-970F-0805D24BF92D}.DYNAMIC_RELEASE|x64.Build.0 = Release|x64
		{7C6AD078-FCA6-488A-970F-0805D24BF92D}.DYNAMIC_RELEASE|x86.ActiveCfg = Release|Win32
		{7C6AD078-FCA6-488A-970F-0805D24BF92D}.DYNAMIC_RELEASE|x86.Build.0 = Release|Win32
		{7C6AD078-FCA6-488A-970F-0805D24BF92D}.Release|ARM.ActiveCfg = Release|Win32
		{7C6AD078-FCA6-488A-970F-0805D24BF92D}.Release|ARM64.ActiveCfg = Release|Win32
		{7C6AD078-FCA6-488A-970F-0805D24BF92D}.Release|x64.ActiveCfg = Release|x64
		{7C6AD078-FCA6-488A-970F-0805D24BF92D}.Release|x64.Build.0 = Release|x64
		{7C6AD078-FCA6-488A-970F-0805D24BF92D}.Release|x86.ActiveCfg = Release|Win32
		{7C6AD078-FCA6-488A-970F-0805D24BF92D}.Release|x86.Build.0 = Release|Win32
		{7C6AD078-FCA6-488A-970F-0805D24BF92D}.STATIC_DEBUG|ARM.ActiveCfg = Release|x64
		{7C6AD078-FCA6-488A-970F-0805D24BF92D}.STATIC_DEBUG|ARM.Build.0 = Release|x64
		{7C6AD078-FCA6-488A-970F-0805D24BF92D}.STATIC_DEBUG|ARM64.ActiveCfg = Release|x64
		{7C6AD078-FCA6-488A-970F-0805D24BF92D}.STATIC_DEBUG|ARM64.Build.0 = Release|x64
		{7C6AD078-FCA6-488A-970F-0805D24BF92D}.STATIC_DEBUG|x64.ActiveCfg = Debug|x64
		{7C6AD078-FCA6-488A-970F-0805D24BF92D}.STATIC_DEBUG|x64.Build.0 = Debug|x64
		{7C6AD078-FCA6-488A-970F-0805D24BF92D}.STATIC_DEBUG|x86.ActiveCfg = Debug|Win32
		{7C6AD078-FCA6-488A-970F-0805D24BF92D}.STATIC_DEBUG|x86.Build.0 = Debug|Win32
		{7C6AD078-FCA6-488A-970F-0805D24BF92D}.STATIC_RELEASE|ARM.ActiveCfg = Release|x64
		{7C6AD078-FCA6-488A-970F-0805D24BF92D}.STATIC_RELEASE|ARM.Build.0 = Release|x64
		{7C6AD078-FCA6-488A-970F-0805D24BF92D}.STATIC_RELEASE|ARM64.ActiveCfg = Release|x64
		{7C6AD078-FCA6-488A-970F-0805D24BF92D}.STATIC_RELEASE|ARM64.Build.0 = Release|x64
		{7C6AD078-FCA6-488A-970F-0805D24BF92D}.STATIC_RELEASE|x64.ActiveCfg = Release|x64
		{7C6AD078-FCA6-488A-970F-0805D24BF92D}.STATIC_RELEASE|x64.Build.0 = Release|x64
		{7C6AD078-FCA6-488A-970F-0805D24BF92D}.STATIC_RELEASE|x86.ActiveCfg = Release|Win32
		{7C6AD078-FCA6-488A-970F-0805D24BF92D}.STATIC_RELEASE|x86.Build.0 = Release|Win32
		{113CC137-97C1-4C2C-B659-6B2F6B39F593}.Debug|ARM.ActiveCfg = Debug|Win32
		{113CC137-97C1-4C2C-B659-6B2F6B39F593}.Debug|ARM64.ActiveCfg = Debug|Win32
		{113CC137-97C1-4C2C-B659-6B2F6B39F593}.Debug|x64.ActiveCfg = Debug|x64
		{113CC137-97C1-4C2C-B659-6B2F6B39F593}.Debug|x64.Build.0 = Debug|x64
		{113CC137-97C1-4C2C-B659-6B2F6B39F593}.Debug|x86.ActiveCfg = Debug|Win32
		{113CC137-97C1-4C2C-B659-6B2F6B39F593}.Debug|x86.Build.0 = Debug|Win32
		{113CC137-97C1-4C2C-B659-6B2F6B39F593}.DYNAMIC_DEBUG|ARM.ActiveCfg = Release|x64
		{113CC137-97C1-4C2C-B659-6B2F6B39F593}.DYNAMIC_DEBUG|ARM.Build.0 = Release|x64
		{113CC137-97C1-4C2C-B659-6B2F6B39F593}.DYNAMIC_DEBUG|ARM64.ActiveCfg = Release|x64
		{113CC137-97C1-4C2C-B659-6B2F6B39F593}.DYNAMIC_DEBUG|ARM64.Build.0 = Release|x64
		{113CC137-97C1-4C2C-B659-6B2F6B39F593}.DYNAMIC_DEBUG|x64.ActiveCfg = Debug|x64
		{113CC137-97C1-4C2C-B659-6B2F6B39F593}.DYNAMIC_DEBUG|x64.Build.0 = Debug|x64
		{113CC137-97C1-4C2C-B659-6B2F6B39F593}.DYNAMIC_DEBUG|x86.ActiveCfg = Debug|Win32
		{113CC137-97C1-4C2C-B659-6B2F6B39F593}.DYNAMIC_DEBUG|x86.Build.0 = Debug|Win32
		{113CC137-97C1-4C2C-B659-6B2F6B39F593}.DYNAMIC_RELEASE|ARM.ActiveCfg = Release|x64
		{113CC137-97C1-4C2C-B659-6B2F6B39F593}.DYNAMIC_RELEASE|ARM.Build.0 = Release|x64
		{113CC137-97C1-4C2C-B659-6B2F6B39F593}.DYNAMIC_RELEASE|ARM64.ActiveCfg = Release|x64
		{113CC137-97C1-4C2C-B659-6B2F6B39F593}.DYNAMIC_RELEASE|ARM64.Build.0 = Release|x64
		{113CC137-97C1-4C2C-B659-6B2F6B39F593}.DYNAMIC_RELEASE|x64.ActiveCfg = Release|x64
		{113CC137-97C1-4C2C-B659-6B2F6B39F593}.DYNAMIC_RELEASE|x64.Build.0 = Release|x64
		{113CC137-97C1-4C2C-B659-6B2F6B39F593}.DYNAMIC_RELEASE|x86.ActiveCfg = Release|Win32
		{113CC137-97C1-4C2C-B659-6B2F6B39F593}.DYNAMIC_RELEASE|x86.Build.0 = Release|Win32
		{113CC137-97C1-4C2C-B659-6B2F6B39F593}.Release|ARM.ActiveCfg = Release|Win32
		{113CC137-97C1-4C2C-B659-6B2F6B39F593}.Release|ARM64.ActiveCfg = Release|Win32
		{113CC137-97C1-4C2C-B659-6B2F6B39F593}.Release|x64.ActiveCfg = Release|x64
		{113CC137-97C1-4C2C-B659-6B2F6B39F593}.Release|x64.Build.0 = Release|x64
		{113CC137-97C1-4C2C-B659-6B2F6B39F593}.Release|x86.ActiveCfg = Release|Win32
		{113CC137-97C1-4C2C-B659-6B2F6B39F593}.Release|x86.Build.0 = Release|Win32
		{113CC137-97C1-4C2C-B659-6B2F6B39F593}.STATIC_DEBUG|ARM.ActiveCfg = Release|x64
		{113CC137-97C1-4C2C-B659-6B2F6B39F593}.STATIC_DEBUG|ARM.Build.0 = Release|x64
		{113CC137-97C1-4C2C-B659-6B2F6B39F593}.STATIC_DEBUG|ARM64.ActiveCfg = Release|x64
		{113CC137-97C1-4C2C-B659-6B2F6B39F593}.STATIC_DEBUG|ARM64.Build.0 = Release|x64
		{113CC137-97C1-4C2C-B659-6B2F6B39F593}.STATIC_DEBUG|x64.ActiveCfg = Debug|x64
		{113CC137-97C1-4C2C-B659-6B2F6B39F593}.STATIC_DEBUG|x64.Build.0 = Debug|x64
		{113CC137-97C1-4C2C-B659-6B2F6B39F593}.STATIC_DEBUG|x86.ActiveCfg = Debug|Win32
		{113CC137-97C1-4C2C-B659-6B2F6B39F593}.STATIC_DEBUG|x86.Build.0 = Debug|Win32
		{113CC137-97C1-4C2C-B659-6B2F6B39F593}.STATIC_RELEASE|ARM.ActiveCfg = Release|x64
		{113CC137-97C1-4C2C-B659-6B2F6B39F593}.STATIC_RELEASE|ARM.Build.0 = Release|x64
		{113CC137-97C1-4C2C-B659-6B2F6B39F593}.STATIC_RELEASE|ARM64.ActiveCfg = Release|x64
		{113CC137-97C1-4C2C-B659-6B2F6B39F593}.STATIC_RELEASE|ARM64.Build.0 = Release|x64
		{113CC137-97C1-4C2C-B659-6B2F6B39F593}.STATIC_RELEASE|x64.ActiveCfg = Release|x64
		{113CC137-97C1-4C2C-B659-6B2F6B39F593}.STATIC_RELEASE|x64.Build.0 = Release|x64
		{113CC137-97C1-4C2C-B659-6B2F6B39F593}.STATIC_RELEASE|x86.ActiveCfg = Release|Win32
		{113CC137-97C1-4C2C-B659-6B2F6B39F593}.STATIC_RELEASE|x86.Build.0 = Release|Win32
		{7487DF34-99AF-4B1E-BFE6-FC60436C25AD}.Debug|ARM.ActiveCfg = Debug|Win32
		{7487DF34-99AF-4B1E-BFE6-FC60436C25AD}.Debug|ARM64.ActiveCfg = Debug|Win32
		{7487DF34-99AF-4B1E-BFE6-FC60436C25AD}.Debug|x64.ActiveCfg = Debug|x64
		{7487DF34-99AF-4B1E-BFE6-FC60436C25AD}.Debug|x64.Build.0 = Debug|x64
		{7487DF34-99AF-4B1E-BFE6-FC60436C25AD}.Debug|x86.ActiveCfg = Debug|Win32
		{7487DF34-99AF-4B1E-BFE6-FC60436C25AD}.Debug|x86.Build.0 = Debug|Win32
		{7487DF34-99AF-4B1E-BFE6-FC60436C25AD}.DYNAMIC_DEBUG|ARM.ActiveCfg = Release|x64
		{7487DF34-99AF-4B1E-BFE6-FC60436C25AD}.DYNAMIC_DEBUG|ARM.Build.0 = Release|x64
		{7487DF34-99AF-4B1E-BFE6-FC60436C25AD}.DYNAMIC_DEBUG|ARM64.ActiveCfg = Release|x64
		{7487DF34-99AF-4B1E-BFE6-FC60436C25AD}.DYNAMIC_DEBUG|ARM64.Build.0 = Release|x64
		{7487DF34-99AF-4B1E-BFE6-FC60436C25AD}.DYNAMIC_DEBUG|x64.ActiveCfg = Debug|x64
		{7487DF34-99AF-4B1E-BFE6-FC60436C25AD}.DYNAMIC_DEBUG|x64.Build.0 = Debug|x64
		{7487DF34-99AF-4B1E-BFE6-FC60436C25AD}.DYNAMIC_DEBUG|x86.ActiveCfg = Debug|Win32
		{7487DF34-99AF-4B1E-BFE6-FC60436C25AD}.DYNAMIC_DEBUG|x86.Build.0 = Debug|Win32
		{7487DF34-99AF-4B1E-BFE6-FC60436C25AD}.DYNAMIC_RELEASE|ARM.ActiveCfg = Release|x64
		{7487DF34-99AF-4B1E-BFE6-FC60436C25AD}.DYNAMIC_RELEASE|ARM.Build.0 = Release|x64
		{7487DF34-99AF-4B1E-BFE6-FC60436C25AD}.DYNAMIC_RELEASE|ARM64.ActiveCfg = Release|x64
		{7487DF34-99AF-4B1E-BFE6-FC60436C25AD}.DYNAMIC_RELEASE|ARM64.Build.0 = Release|x64
		{7487DF34-99AF-4B1E-BFE6-FC60436C25AD}.DYNAMIC_RELEASE|x64.ActiveCfg = Debug|x64
		{7487DF34-99AF-4B1E-BFE6-FC60436C25AD}.DYNAMIC_RELEASE|x64.Build.0 = Debug|x64
		{7487DF34-99AF-4B1E-BFE6-FC60436C25AD}.DYNAMIC_RELEASE|x86.ActiveCfg = Debug|Win32
		{7487DF34-99AF-4B1E-BFE6-FC60436C25AD}.DYNAMIC_RELEASE|x86.Build.0 = Debug|Win32
		{7487DF34-99AF-4B1E-BFE6-FC60436C25AD}.Release|ARM.ActiveCfg = Release|Win32
		{7487DF34-99AF-4B1E-BFE6-FC60436C25AD}.Release|ARM64.ActiveCfg = Release|Win32
		{7487DF34-99AF-4B1E-BFE6-FC60436C25AD}.Release|x64.ActiveCfg = Release|x64
		{7487DF34-99AF-4B1E-BFE6-FC60436C25AD}.Release|x64.Build.0 = Release|x64
		{7487DF34-99AF-4B1E-BFE6-FC60436C25AD}.Release|x86.ActiveCfg = Release|Win32
		{7487DF34-99AF-4B1E-BFE6-FC60436C25AD}.Release|x86.Build.0 = Release|Win32
		{7487DF34-99AF-4B1E-BFE6-FC60436C25AD}.STATIC_DEBUG|ARM.ActiveCfg = Release|x64
		{7487DF34-99AF-4B1E-BFE6-FC60436C25AD}.STATIC_DEBUG|ARM.Build.0 = Release|x64
		{7487DF34-99AF-4B1E-BFE6-FC60436C25AD}.STATIC_DEBUG|ARM64.ActiveCfg = Release|x64
		{7487DF34-99AF-4B1E-BFE6-FC60436C25AD}.STATIC_DEBUG|ARM64.Build.0 = Release|x64
		{7487DF34-99AF-4B1E-BFE6-FC60436C25AD}.STATIC_DEBUG|x64.ActiveCfg = Debug|x64
		{7487DF34-99AF-4B1E-BFE6-FC60436C25AD}.STATIC_DEBUG|x64.Build.0 = Debug|x64
		{7487DF34-99AF-4B1E-BFE6-FC60436C25AD}.STATIC_DEBUG|x86.ActiveCfg = Debug|Win32
		{7487DF34-99AF-4B1E-BFE6-FC60436C25AD}.STATIC_DEBUG|x86.Build.0 = Debug|Win32
		{7487DF34-99AF-4B1E-BFE6-FC60436C25AD}.STATIC_RELEASE|ARM.ActiveCfg = Release|x64
		{7487DF34-99AF-4B1E-BFE6-FC60436C25AD}.STATIC_RELEASE|ARM.Build.0 = Release|x64
		{7487DF34-99AF-4B1E-BFE6-FC60436C25AD}.STATIC_RELEASE|ARM64.ActiveCfg = Release|x64
		{7487DF34-99AF-4B1E-BFE6-FC60436C25AD}.STATIC_RELEASE|ARM64.Build.0 = Release|x64
		{7487DF34-99AF-4B1E-BFE6-FC60436C25AD}.STATIC_RELEASE|x64.ActiveCfg = Release|x64
		{7487DF34-99AF-4B1E-BFE6-FC60436C25AD}.STATIC_RELEASE|x64.Build.0 = Release|x64
		{7487DF34-99AF-4B1E-BFE6-FC60436C25AD}.STATIC_RELEASE|x86.ActiveCfg = Release|Win32
		{7487DF34-99AF-4B1E-BFE6-FC60436C25AD}.STATIC_RELEASE|x86.Build.0 = Release|Win32
	EndGlobalSection
	GlobalSection(SolutionProperties) = preSolution
		HideSolutionNode = FALSE
	EndGlobalSection
EndGlobal
