
Microsoft Visual Studio Solution File, Format Version 12.00
# Visual Studio 14
VisualStudioVersion = 14.0.25420.1
MinimumVisualStudioVersion = 10.0.40219.1
Project("{8BC9CEB8-8B4A-11D0-8D11-00A0C91BC942}") = "Current", "Current\Current.vcxproj", "{95ADA766-E8FB-4379-A859-47B81B6D2D8D}"
EndProject
Global
	GlobalSection(SolutionConfigurationPlatforms) = preSolution
		Debug|ARM = Debug|ARM
		Debug|ARM64 = Debug|ARM64
		Debug|x64 = Debug|x64
		Debug|x86 = Debug|x86
		DYNAMIC_DEBUG|ARM = DYNAMIC_DEBUG|ARM
		DYNAMIC_DEBUG|ARM64 = DYNAMIC_DEBUG|ARM64
		DYNAMIC_DEBUG|x64 = DYNAMIC_DEBUG|x64
		DYNAMIC_DEBUG|x86 = DYNAMIC_DEBUG|x86
		DYNAMIC_RELEASE|ARM = DYNAMIC_RELEASE|ARM
		DYNAMIC_RELEASE|ARM64 = DYNAMIC_RELEASE|ARM64
		DYNAMIC_RELEASE|x64 = DYNAMIC_RELEASE|x64
		DYNAMIC_RELEASE|x86 = DYNAMIC_RELEASE|x86
		Release|ARM = Release|ARM
		Release|ARM64 = Release|ARM64
		Release|x64 = Release|x64
		Release|x86 = Release|x86
		STATIC_DEBUG|ARM = STATIC_DEBUG|ARM
		STATIC_DEBUG|ARM64 = STATIC_DEBUG|ARM64
		STATIC_DEBUG|x64 = STATIC_DEBUG|x64
		STATIC_DEBUG|x86 = STATIC_DEBUG|x86
		STATIC_RELEASE|ARM = STATIC_RELEASE|ARM
		STATIC_RELEASE|ARM64 = STATIC_RELEASE|ARM64
		STATIC_RELEASE|x64 = STATIC_RELEASE|x64
		STATIC_RELEASE|x86 = STATIC_RELEASE|x86
		Win10Debug|ARM = Win10Debug|ARM
		Win10Debug|ARM64 = Win10Debug|ARM64
		Win10Debug|x64 = Win10Debug|x64
		Win10Debug|x86 = Win10Debug|x86
		Win10Release|ARM = Win10Release|ARM
		Win10Release|ARM64 = Win10Release|ARM64
		Win10Release|x64 = Win10Release|x64
		Win10Release|x86 = Win10Release|x86
		Win7 Debug|ARM = Win7 Debug|ARM
		Win7 Debug|ARM64 = Win7 Debug|ARM64
		Win7 Debug|x64 = Win7 Debug|x64
		Win7 Debug|x86 = Win7 Debug|x86
		Win7 Release|ARM = Win7 Release|ARM
		Win7 Release|ARM64 = Win7 Release|ARM64
		Win7 Release|x64 = Win7 Release|x64
		Win7 Release|x86 = Win7 Release|x86
		Win8 Debug|ARM = Win8 Debug|ARM
		Win8 Debug|ARM64 = Win8 Debug|ARM64
		Win8 Debug|x64 = Win8 Debug|x64
		Win8 Debug|x86 = Win8 Debug|x86
		Win8 Release|ARM = Win8 Release|ARM
		Win8 Release|ARM64 = Win8 Release|ARM64
		Win8 Release|x64 = Win8 Release|x64
		Win8 Release|x86 = Win8 Release|x86
		Win8.1 Debug|ARM = Win8.1 Debug|ARM
		Win8.1 Debug|ARM64 = Win8.1 Debug|ARM64
		Win8.1 Debug|x64 = Win8.1 Debug|x64
		Win8.1 Debug|x86 = Win8.1 Debug|x86
		Win8.1 Release|ARM = Win8.1 Release|ARM
		Win8.1 Release|ARM64 = Win8.1 Release|ARM64
		Win8.1 Release|x64 = Win8.1 Release|x64
		Win8.1 Release|x86 = Win8.1 Release|x86
	EndGlobalSection
	GlobalSection(ProjectConfigurationPlatforms) = postSolution
		{95ADA766-E8FB-4379-A859-47B81B6D2D8D}.Debug|ARM.ActiveCfg = Debug|Win32
		{95ADA766-E8FB-4379-A859-47B81B6D2D8D}.Debug|ARM64.ActiveCfg = Debug|Win32
		{95ADA766-E8FB-4379-A859-47B81B6D2D8D}.Debug|x64.ActiveCfg = Debug|x64
		{95ADA766-E8FB-4379-A859-47B81B6D2D8D}.Debug|x64.Build.0 = Debug|x64
		{95ADA766-E8FB-4379-A859-47B81B6D2D8D}.Debug|x86.ActiveCfg = Debug|Win32
		{95ADA766-E8FB-4379-A859-47B81B6D2D8D}.Debug|x86.Build.0 = Debug|Win32
		{95ADA766-E8FB-4379-A859-47B81B6D2D8D}.DYNAMIC_DEBUG|ARM.ActiveCfg = DYNAMIC_DEBUG|Win32
		{95ADA766-E8FB-4379-A859-47B81B6D2D8D}.DYNAMIC_DEBUG|ARM64.ActiveCfg = DYNAMIC_DEBUG|Win32
		{95ADA766-E8FB-4379-A859-47B81B6D2D8D}.DYNAMIC_DEBUG|x64.ActiveCfg = DYNAMIC_DEBUG|x64
		{95ADA766-E8FB-4379-A859-47B81B6D2D8D}.DYNAMIC_DEBUG|x64.Build.0 = DYNAMIC_DEBUG|x64
		{95ADA766-E8FB-4379-A859-47B81B6D2D8D}.DYNAMIC_DEBUG|x86.ActiveCfg = DYNAMIC_DEBUG|Win32
		{95ADA766-E8FB-4379-A859-47B81B6D2D8D}.DYNAMIC_DEBUG|x86.Build.0 = DYNAMIC_DEBUG|Win32
		{95ADA766-E8FB-4379-A859-47B81B6D2D8D}.DYNAMIC_RELEASE|ARM.ActiveCfg = DYNAMIC_RELEASE|Win32
		{95ADA766-E8FB-4379-A859-47B81B6D2D8D}.DYNAMIC_RELEASE|ARM64.ActiveCfg = DYNAMIC_RELEASE|Win32
		{95ADA766-E8FB-4379-A859-47B81B6D2D8D}.DYNAMIC_RELEASE|x64.ActiveCfg = DYNAMIC_RELEASE|x64
		{95ADA766-E8FB-4379-A859-47B81B6D2D8D}.DYNAMIC_RELEASE|x64.Build.0 = DYNAMIC_RELEASE|x64
		{95ADA766-E8FB-4379-A859-47B81B6D2D8D}.DYNAMIC_RELEASE|x86.ActiveCfg = DYNAMIC_RELEASE|Win32
		{95ADA766-E8FB-4379-A859-47B81B6D2D8D}.DYNAMIC_RELEASE|x86.Build.0 = DYNAMIC_RELEASE|Win32
		{95ADA766-E8FB-4379-A859-47B81B6D2D8D}.Release|ARM.ActiveCfg = Release|Win32
		{95ADA766-E8FB-4379-A859-47B81B6D2D8D}.Release|ARM64.ActiveCfg = Release|Win32
		{95ADA766-E8FB-4379-A859-47B81B6D2D8D}.Release|x64.ActiveCfg = Release|x64
		{95ADA766-E8FB-4379-A859-47B81B6D2D8D}.Release|x64.Build.0 = Release|x64
		{95ADA766-E8FB-4379-A859-47B81B6D2D8D}.Release|x86.ActiveCfg = Release|Win32
		{95ADA766-E8FB-4379-A859-47B81B6D2D8D}.Release|x86.Build.0 = Release|Win32
		{95ADA766-E8FB-4379-A859-47B81B6D2D8D}.STATIC_DEBUG|ARM.ActiveCfg = Release|Win32
		{95ADA766-E8FB-4379-A859-47B81B6D2D8D}.STATIC_DEBUG|ARM.Build.0 = Release|Win32
		{95ADA766-E8FB-4379-A859-47B81B6D2D8D}.STATIC_DEBUG|ARM64.ActiveCfg = Release|Win32
		{95ADA766-E8FB-4379-A859-47B81B6D2D8D}.STATIC_DEBUG|ARM64.Build.0 = Release|Win32
		{95ADA766-E8FB-4379-A859-47B81B6D2D8D}.STATIC_DEBUG|x64.ActiveCfg = Debug|x64
		{95ADA766-E8FB-4379-A859-47B81B6D2D8D}.STATIC_DEBUG|x64.Build.0 = Debug|x64
		{95ADA766-E8FB-4379-A859-47B81B6D2D8D}.STATIC_DEBUG|x86.ActiveCfg = Debug|Win32
		{95ADA766-E8FB-4379-A859-47B81B6D2D8D}.STATIC_DEBUG|x86.Build.0 = Debug|Win32
		{95ADA766-E8FB-4379-A859-47B81B6D2D8D}.STATIC_RELEASE|ARM.ActiveCfg = Release|Win32
		{95ADA766-E8FB-4379-A859-47B81B6D2D8D}.STATIC_RELEASE|ARM.Build.0 = Release|Win32
		{95ADA766-E8FB-4379-A859-47B81B6D2D8D}.STATIC_RELEASE|ARM64.ActiveCfg = Release|Win32
		{95ADA766-E8FB-4379-A859-47B81B6D2D8D}.STATIC_RELEASE|ARM64.Build.0 = Release|Win32
		{95ADA766-E8FB-4379-A859-47B81B6D2D8D}.STATIC_RELEASE|x64.ActiveCfg = Release|x64
		{95ADA766-E8FB-4379-A859-47B81B6D2D8D}.STATIC_RELEASE|x64.Build.0 = Release|x64
		{95ADA766-E8FB-4379-A859-47B81B6D2D8D}.STATIC_RELEASE|x86.ActiveCfg = Release|Win32
		{95ADA766-E8FB-4379-A859-47B81B6D2D8D}.STATIC_RELEASE|x86.Build.0 = Release|Win32
		{95ADA766-E8FB-4379-A859-47B81B6D2D8D}.Win10Debug|ARM.ActiveCfg = Release|x64
		{95ADA766-E8FB-4379-A859-47B81B6D2D8D}.Win10Debug|ARM.Build.0 = Release|x64
		{95ADA766-E8FB-4379-A859-47B81B6D2D8D}.Win10Debug|ARM64.ActiveCfg = Release|x64
		{95ADA766-E8FB-4379-A859-47B81B6D2D8D}.Win10Debug|ARM64.Build.0 = Release|x64
		{95ADA766-E8FB-4379-A859-47B81B6D2D8D}.Win10Debug|x64.ActiveCfg = Debug|x64
		{95ADA766-E8FB-4379-A859-47B81B6D2D8D}.Win10Debug|x64.Build.0 = Debug|x64
		{95ADA766-E8FB-4379-A859-47B81B6D2D8D}.Win10Debug|x86.ActiveCfg = Debug|Win32
		{95ADA766-E8FB-4379-A859-47B81B6D2D8D}.Win10Debug|x86.Build.0 = Debug|Win32
		{95ADA766-E8FB-4379-A859-47B81B6D2D8D}.Win10Release|ARM.ActiveCfg = Release|x64
		{95ADA766-E8FB-4379-A859-47B81B6D2D8D}.Win10Release|ARM.Build.0 = Release|x64
		{95ADA766-E8FB-4379-A859-47B81B6D2D8D}.Win10Release|ARM64.ActiveCfg = Release|x64
		{95ADA766-E8FB-4379-A859-47B81B6D2D8D}.Win10Release|ARM64.Build.0 = Release|x64
		{95ADA766-E8FB-4379-A859-47B81B6D2D8D}.Win10Release|x64.ActiveCfg = Release|x64
		{95ADA766-E8FB-4379-A859-47B81B6D2D8D}.Win10Release|x64.Build.0 = Release|x64
		{95ADA766-E8FB-4379-A859-47B81B6D2D8D}.Win10Release|x86.ActiveCfg = Release|Win32
		{95ADA766-E8FB-4379-A859-47B81B6D2D8D}.Win10Release|x86.Build.0 = Release|Win32
		{95ADA766-E8FB-4379-A859-47B81B6D2D8D}.Win7 Debug|ARM.ActiveCfg = Release|x64
		{95ADA766-E8FB-4379-A859-47B81B6D2D8D}.Win7 Debug|ARM.Build.0 = Release|x64
		{95ADA766-E8FB-4379-A859-47B81B6D2D8D}.Win7 Debug|ARM64.ActiveCfg = Release|x64
		{95ADA766-E8FB-4379-A859-47B81B6D2D8D}.Win7 Debug|ARM64.Build.0 = Release|x64
		{95ADA766-E8FB-4379-A859-47B81B6D2D8D}.Win7 Debug|x64.ActiveCfg = Debug|x64
		{95ADA766-E8FB-4379-A859-47B81B6D2D8D}.Win7 Debug|x64.Build.0 = Debug|x64
		{95ADA766-E8FB-4379-A859-47B81B6D2D8D}.Win7 Debug|x86.ActiveCfg = Debug|Win32
		{95ADA766-E8FB-4379-A859-47B81B6D2D8D}.Win7 Debug|x86.Build.0 = Debug|Win32
		{95ADA766-E8FB-4379-A859-47B81B6D2D8D}.Win7 Release|ARM.ActiveCfg = Release|x64
		{95ADA766-E8FB-4379-A859-47B81B6D2D8D}.Win7 Release|ARM.Build.0 = Release|x64
		{95ADA766-E8FB-4379-A859-47B81B6D2D8D}.Win7 Release|ARM64.ActiveCfg = Release|x64
		{95ADA766-E8FB-4379-A859-47B81B6D2D8D}.Win7 Release|ARM64.Build.0 = Release|x64
		{95ADA766-E8FB-4379-A859-47B81B6D2D8D}.Win7 Release|x64.ActiveCfg = Release|x64
		{95ADA766-E8FB-4379-A859-47B81B6D2D8D}.Win7 Release|x64.Build.0 = Release|x64
		{95ADA766-E8FB-4379-A859-47B81B6D2D8D}.Win7 Release|x86.ActiveCfg = Release|Win32
		{95ADA766-E8FB-4379-A859-47B81B6D2D8D}.Win7 Release|x86.Build.0 = Release|Win32
		{95ADA766-E8FB-4379-A859-47B81B6D2D8D}.Win8 Debug|ARM.ActiveCfg = Release|x64
		{95ADA766-E8FB-4379-A859-47B81B6D2D8D}.Win8 Debug|ARM.Build.0 = Release|x64
		{95ADA766-E8FB-4379-A859-47B81B6D2D8D}.Win8 Debug|ARM64.ActiveCfg = Release|x64
		{95ADA766-E8FB-4379-A859-47B81B6D2D8D}.Win8 Debug|ARM64.Build.0 = Release|x64
		{95ADA766-E8FB-4379-A859-47B81B6D2D8D}.Win8 Debug|x64.ActiveCfg = Debug|x64
		{95ADA766-E8FB-4379-A859-47B81B6D2D8D}.Win8 Debug|x64.Build.0 = Debug|x64
		{95ADA766-E8FB-4379-A859-47B81B6D2D8D}.Win8 Debug|x86.ActiveCfg = Debug|Win32
		{95ADA766-E8FB-4379-A859-47B81B6D2D8D}.Win8 Debug|x86.Build.0 = Debug|Win32
		{95ADA766-E8FB-4379-A859-47B81B6D2D8D}.Win8 Release|ARM.ActiveCfg = Release|x64
		{95ADA766-E8FB-4379-A859-47B81B6D2D8D}.Win8 Release|ARM.Build.0 = Release|x64
		{95ADA766-E8FB-4379-A859-47B81B6D2D8D}.Win8 Release|ARM64.ActiveCfg = Release|x64
		{95ADA766-E8FB-4379-A859-47B81B6D2D8D}.Win8 Release|ARM64.Build.0 = Release|x64
		{95ADA766-E8FB-4379-A859-47B81B6D2D8D}.Win8 Release|x64.ActiveCfg = Release|x64
		{95ADA766-E8FB-4379-A859-47B81B6D2D8D}.Win8 Release|x64.Build.0 = Release|x64
		{95ADA766-E8FB-4379-A859-47B81B6D2D8D}.Win8 Release|x86.ActiveCfg = Release|Win32
		{95ADA766-E8FB-4379-A859-47B81B6D2D8D}.Win8 Release|x86.Build.0 = Release|Win32
		{95ADA766-E8FB-4379-A859-47B81B6D2D8D}.Win8.1 Debug|ARM.ActiveCfg = Release|x64
		{95ADA766-E8FB-4379-A859-47B81B6D2D8D}.Win8.1 Debug|ARM.Build.0 = Release|x64
		{95ADA766-E8FB-4379-A859-47B81B6D2D8D}.Win8.1 Debug|ARM64.ActiveCfg = Release|x64
		{95ADA766-E8FB-4379-A859-47B81B6D2D8D}.Win8.1 Debug|ARM64.Build.0 = Release|x64
		{95ADA766-E8FB-4379-A859-47B81B6D2D8D}.Win8.1 Debug|x64.ActiveCfg = Debug|x64
		{95ADA766-E8FB-4379-A859-47B81B6D2D8D}.Win8.1 Debug|x64.Build.0 = Debug|x64
		{95ADA766-E8FB-4379-A859-47B81B6D2D8D}.Win8.1 Debug|x86.ActiveCfg = Debug|Win32
		{95ADA766-E8FB-4379-A859-47B81B6D2D8D}.Win8.1 Debug|x86.Build.0 = Debug|Win32
		{95ADA766-E8FB-4379-A859-47B81B6D2D8D}.Win8.1 Release|ARM.ActiveCfg = Release|x64
		{95ADA766-E8FB-4379-A859-47B81B6D2D8D}.Win8.1 Release|ARM.Build.0 = Release|x64
		{95ADA766-E8FB-4379-A859-47B81B6D2D8D}.Win8.1 Release|ARM64.ActiveCfg = Release|x64
		{95ADA766-E8FB-4379-A859-47B81B6D2D8D}.Win8.1 Release|ARM64.Build.0 = Release|x64
		{95ADA766-E8FB-4379-A859-47B81B6D2D8D}.Win8.1 Release|x64.ActiveCfg = Release|x64
		{95ADA766-E8FB-4379-A859-47B81B6D2D8D}.Win8.1 Release|x64.Build.0 = Release|x64
		{95ADA766-E8FB-4379-A859-47B81B6D2D8D}.Win8.1 Release|x86.ActiveCfg = Release|Win32
		{95ADA766-E8FB-4379-A859-47B81B6D2D8D}.Win8.1 Release|x86.Build.0 = Release|Win32
	EndGlobalSection
	GlobalSection(SolutionProperties) = preSolution
		HideSolutionNode = FALSE
	EndGlobalSection
EndGlobal
