<?xml version="1.0" encoding="utf-8"?>
<Project ToolsVersion="4.0" xmlns="http://schemas.microsoft.com/developer/msbuild/2003">
  <ItemGroup>
    <ClCompile Include="private\distorm\src\decoder.c">
      <Filter>private\distorm</Filter>
    </ClCompile>
    <ClCompile Include="private\distorm\src\distorm.c">
      <Filter>private\distorm</Filter>
    </ClCompile>
    <ClCompile Include="private\hcfile.c">
      <Filter>private</Filter>
    </ClCompile>
    <ClCompile Include="private\hcerror.c">
      <Filter>private</Filter>
    </ClCompile>
    <ClCompile Include="private\hcconstruct.c">
      <Filter>private</Filter>
    </ClCompile>
    <ClCompile Include="private\hchook.c">
      <Filter>private</Filter>
    </ClCompile>
    <ClCompile Include="private\hcinject.c">
      <Filter>private</Filter>
    </ClCompile>
    <ClCompile Include="private\hcinternal.c">
      <Filter>private</Filter>
    </ClCompile>
    <ClCompile Include="private\hcmodule.c">
      <Filter>private</Filter>
    </ClCompile>
    <ClCompile Include="private\hcobject.c">
      <Filter>private</Filter>
    </ClCompile>
    <ClCompile Include="private\hcpe.c">
      <Filter>private</Filter>
    </ClCompile>
    <ClCompile Include="private\hcprocess.c">
      <Filter>private</Filter>
    </ClCompile>
    <ClCompile Include="private\hcstring.c">
      <Filter>private</Filter>
    </ClCompile>
    <ClCompile Include="private\hctoken.c">
      <Filter>private</Filter>
    </ClCompile>
    <ClCompile Include="private\hcvirtual.c">
      <Filter>private</Filter>
    </ClCompile>
    <ClCompile Include="private\hcvolume.c">
      <Filter>private</Filter>
    </ClCompile>
    <ClCompile Include="private\distorm\src\wstring.c">
      <Filter>private\distorm</Filter>
    </ClCompile>
    <ClCompile Include="private\distorm\src\textdefs.c">
      <Filter>private\distorm</Filter>
    </ClCompile>
    <ClCompile Include="private\distorm\src\prefix.c">
      <Filter>private\distorm</Filter>
    </ClCompile>
    <ClCompile Include="private\distorm\src\operands.c">
      <Filter>private\distorm</Filter>
    </ClCompile>
    <ClCompile Include="private\distorm\src\mnemonics.c">
      <Filter>private\distorm</Filter>
    </ClCompile>
    <ClCompile Include="private\distorm\src\insts.c">
      <Filter>private\distorm</Filter>
    </ClCompile>
    <ClCompile Include="private\distorm\src\instructions.c">
      <Filter>private\distorm</Filter>
    </ClCompile>
    <ClCompile Include="private\sys\hcsyscall.c">
      <Filter>private\sys</Filter>
    </ClCompile>
    <ClCompile Include="Build\Include\highcall.c">
      <Filter>include</Filter>
    </ClCompile>
    <ClCompile Include="private\hccommon.c" />
  </ItemGroup>
  <ItemGroup>
    <ClInclude Include="private\distorm\src\config.h">
      <Filter>private\distorm</Filter>
    </ClInclude>
    <ClInclude Include="private\distorm\src\decoder.h">
      <Filter>private\distorm</Filter>
    </ClInclude>
    <ClInclude Include="private\distorm\include\distorm.h">
      <Filter>private\distorm</Filter>
    </ClInclude>
    <ClInclude Include="public\hcdef.h">
      <Filter>public</Filter>
    </ClInclude>
    <ClInclude Include="public\hcerror.h">
      <Filter>public</Filter>
    </ClInclude>
    <ClInclude Include="public\hcfile.h">
      <Filter>public</Filter>
    </ClInclude>
    <ClInclude Include="public\hcglobal.h">
      <Filter>public</Filter>
    </ClInclude>
    <ClInclude Include="public\hchook.h">
      <Filter>public</Filter>
    </ClInclude>
    <ClInclude Include="public\hcinject.h">
      <Filter>public</Filter>
    </ClInclude>
    <ClInclude Include="public\hcinternal.h">
      <Filter>public</Filter>
    </ClInclude>
    <ClInclude Include="public\hcmodule.h">
      <Filter>public</Filter>
    </ClInclude>
    <ClInclude Include="public\hcobject.h">
      <Filter>public</Filter>
    </ClInclude>
    <ClInclude Include="public\hcpe.h">
      <Filter>public</Filter>
    </ClInclude>
    <ClInclude Include="public\hcprocess.h">
      <Filter>public</Filter>
    </ClInclude>
    <ClInclude Include="public\hcstring.h">
      <Filter>public</Filter>
    </ClInclude>
    <ClInclude Include="public\hctoken.h">
      <Filter>public</Filter>
    </ClInclude>
    <ClInclude Include="public\hcvirtual.h">
      <Filter>public</Filter>
    </ClInclude>
    <ClInclude Include="public\hcvolume.h">
      <Filter>public</Filter>
    </ClInclude>
    <ClInclude Include="private\distorm\src\x86defs.h">
      <Filter>private\distorm</Filter>
    </ClInclude>
    <ClInclude Include="private\distorm\src\wstring.h">
      <Filter>private\distorm</Filter>
    </ClInclude>
    <ClInclude Include="private\distorm\src\textdefs.h">
      <Filter>private\distorm</Filter>
    </ClInclude>
    <ClInclude Include="private\distorm\src\prefix.h">
      <Filter>private\distorm</Filter>
    </ClInclude>
    <ClInclude Include="private\distorm\src\operands.h">
      <Filter>private\distorm</Filter>
    </ClInclude>
    <ClInclude Include="private\distorm\include\mnemonics.h">
      <Filter>private\distorm</Filter>
    </ClInclude>
    <ClInclude Include="private\distorm\src\insts.h">
      <Filter>private\distorm</Filter>
    </ClInclude>
    <ClInclude Include="private\distorm\src\instructions.h">
      <Filter>private\distorm</Filter>
    </ClInclude>
    <ClInclude Include="public\imports.h">
      <Filter>public</Filter>
    </ClInclude>
    <ClInclude Include="public\wintype.h">
      <Filter>public</Filter>
    </ClInclude>
    <ClInclude Include="public\status.h">
      <Filter>public</Filter>
    </ClInclude>
    <ClInclude Include="public\native.h">
      <Filter>public</Filter>
    </ClInclude>
    <ClInclude Include="private\sys\hcsyscall.h">
      <Filter>private\sys</Filter>
    </ClInclude>
    <ClInclude Include="Build\Include\highcall.h">
      <Filter>include</Filter>
    </ClInclude>
    <ClInclude Include="public\hccommon.h">
      <Filter>public</Filter>
    </ClInclude>
    <ClInclude Include="public\ntuser.h" />
  </ItemGroup>
  <ItemGroup>
    <MASM Include="private\sys\asm\AdjustPrivilegesToken.asm">
      <Filter>private\sys\asm</Filter>
    </MASM>
    <MASM Include="private\sys\asm\Close.asm">
      <Filter>private\sys\asm</Filter>
    </MASM>
    <MASM Include="private\sys\asm\AllocateVirtualMemory.asm">
      <Filter>private\sys\asm</Filter>
    </MASM>
    <MASM Include="private\sys\asm\CreateFile.asm">
      <Filter>private\sys\asm</Filter>
    </MASM>
    <MASM Include="private\sys\asm\CreateThread.asm">
      <Filter>private\sys\asm</Filter>
    </MASM>
    <MASM Include="private\sys\asm\CreateThreadEx.asm">
      <Filter>private\sys\asm</Filter>
    </MASM>
    <MASM Include="private\sys\asm\FlushInstructionCache.asm">
      <Filter>private\sys\asm</Filter>
    </MASM>
    <MASM Include="private\sys\asm\FreeVirtualMemory.asm">
      <Filter>private\sys\asm</Filter>
    </MASM>
    <MASM Include="private\sys\asm\ProtectVirtualMemory.asm">
      <Filter>private\sys\asm</Filter>
    </MASM>
    <MASM Include="private\sys\asm\QueryInformationFile.asm">
      <Filter>private\sys\asm</Filter>
    </MASM>
    <MASM Include="private\sys\asm\QueryInformationProcess.asm">
      <Filter>private\sys\asm</Filter>
    </MASM>
    <MASM Include="private\sys\asm\QueryInformationThread.asm">
      <Filter>private\sys\asm</Filter>
    </MASM>
    <MASM Include="private\sys\asm\QueryInformationToken.asm">
      <Filter>private\sys\asm</Filter>
    </MASM>
    <MASM Include="private\sys\asm\QuerySystemInformation.asm">
      <Filter>private\sys\asm</Filter>
    </MASM>
    <MASM Include="private\sys\asm\QueryVirtualMemory.asm">
      <Filter>private\sys\asm</Filter>
    </MASM>
    <MASM Include="private\sys\asm\QueryVolumeInformationFile.asm">
      <Filter>private\sys\asm</Filter>
    </MASM>
    <MASM Include="private\sys\asm\ReadVirtualMemory.asm">
      <Filter>private\sys\asm</Filter>
    </MASM>
    <MASM Include="private\sys\asm\ResumeProcess.asm">
      <Filter>private\sys\asm</Filter>
    </MASM>
    <MASM Include="private\sys\asm\ResumeThread.asm">
      <Filter>private\sys\asm</Filter>
    </MASM>
    <MASM Include="private\sys\asm\SetInformationThread.asm">
      <Filter>private\sys\asm</Filter>
    </MASM>
    <MASM Include="private\sys\asm\SuspendProcess.asm">
      <Filter>private\sys\asm</Filter>
    </MASM>
    <MASM Include="private\sys\asm\UnlockVirtualMemory.asm">
      <Filter>private\sys\asm</Filter>
    </MASM>
    <MASM Include="private\sys\asm\WaitForMultipleObjects.asm">
      <Filter>private\sys\asm</Filter>
    </MASM>
    <MASM Include="private\sys\asm\WaitForSingleObject.asm">
      <Filter>private\sys\asm</Filter>
    </MASM>
    <MASM Include="private\sys\asm\WriteVirtualMemory.asm">
      <Filter>private\sys\asm</Filter>
    </MASM>
    <MASM Include="private\sys\asm\OpenProcessToken.asm">
      <Filter>private\sys\asm</Filter>
    </MASM>
    <MASM Include="private\sys\asm\OpenProcess.asm">
      <Filter>private\sys\asm</Filter>
    </MASM>
    <MASM Include="private\sys\asm\OpenDirectoryObject.asm">
      <Filter>private\sys\asm</Filter>
    </MASM>
    <MASM Include="private\sys\asm\LockVirtualMemory.asm">
      <Filter>private\sys\asm</Filter>
    </MASM>
    <MASM Include="private\sys\asm\QueryObject.asm">
      <Filter>private\sys\asm</Filter>
    </MASM>
    <MASM Include="private\sys\asm\DuplicateObject.asm">
      <Filter>private\sys\asm</Filter>
    </MASM>
    <MASM Include="private\sys\asm\DelayExecution.asm" />
    <MASM Include="private\sys\asm\YieldExecution.asm" />
    <MASM Include="private\sys\asm\AcceptConnectPort.asm" />
    <MASM Include="private\sys\asm\AccessCheck.asm" />
    <MASM Include="private\sys\asm\AccessCheckAndAuditAlarm.asm" />
    <MASM Include="private\sys\asm\AccessCheckByType.asm" />
    <MASM Include="private\sys\asm\AccessCheckByTypeAndAuditAlarm.asm" />
    <MASM Include="private\sys\asm\AccessCheckByTypeResultList.asm" />
    <MASM Include="private\sys\asm\AccessCheckByTypeResultListAndAuditAlarm.asm" />
    <MASM Include="private\sys\asm\AccessCheckByTypeResultListAndAuditAlarmByHandle.asm" />
    <MASM Include="private\sys\asm\AddAtom.asm" />
    <MASM Include="private\sys\asm\AddAtomEx.asm" />
    <MASM Include="private\sys\asm\AddBootEntry.asm" />
    <MASM Include="private\sys\asm\AddDriverEntry.asm" />
    <MASM Include="private\sys\asm\AdjustGroupsToken.asm" />
    <MASM Include="private\sys\asm\AdjustTokenClaimsAndDeviceGroups.asm" />
    <MASM Include="private\sys\asm\AlertResumeThread.asm" />
    <MASM Include="private\sys\asm\AlertThread.asm" />
    <MASM Include="private\sys\asm\AlertThreadByThreadId.asm" />
    <MASM Include="private\sys\asm\AllocateLocallyUniqueId.asm" />
    <MASM Include="private\sys\asm\AllocateReserveObject.asm" />
    <MASM Include="private\sys\asm\AllocateUserPhysicalPages.asm" />
    <MASM Include="private\sys\asm\AllocateUuids.asm" />
    <MASM Include="private\sys\asm\AlpcAcceptConnectPort.asm" />
    <MASM Include="private\sys\asm\AlpcCancelMessage.asm" />
    <MASM Include="private\sys\asm\AlpcConnectPort.asm" />
    <MASM Include="private\sys\asm\AlpcConnectPortEx.asm" />
    <MASM Include="private\sys\asm\AlpcCreatePort.asm" />
    <MASM Include="private\sys\asm\AlpcCreatePortSection.asm" />
    <MASM Include="private\sys\asm\AlpcCreateResourceReserve.asm" />
    <MASM Include="private\sys\asm\AlpcCreateSectionView.asm" />
    <MASM Include="private\sys\asm\AlpcCreateSecurityContext.asm" />
    <MASM Include="private\sys\asm\AlpcDeletePortSection.asm" />
    <MASM Include="private\sys\asm\AlpcDeleteResourceReserve.asm" />
    <MASM Include="private\sys\asm\AlpcDeleteSectionView.asm" />
    <MASM Include="private\sys\asm\AlpcDeleteSecurityContext.asm" />
    <MASM Include="private\sys\asm\AlpcDisconnectPort.asm" />
    <MASM Include="private\sys\asm\AlpcImpersonateClientContainerOfPort.asm" />
    <MASM Include="private\sys\asm\AlpcImpersonateClientOfPort.asm" />
    <MASM Include="private\sys\asm\AlpcOpenSenderProcess.asm" />
    <MASM Include="private\sys\asm\AlpcOpenSenderThread.asm" />
    <MASM Include="private\sys\asm\AlpcQueryInformation.asm" />
    <MASM Include="private\sys\asm\AlpcQueryInformationMessage.asm" />
    <MASM Include="private\sys\asm\AlpcRevokeSecurityContext.asm" />
    <MASM Include="private\sys\asm\AlpcSendWaitReceivePort.asm" />
    <MASM Include="private\sys\asm\AlpcSetInformation.asm" />
    <MASM Include="private\sys\asm\ApphelpCacheControl.asm" />
    <MASM Include="private\sys\asm\AreMappedFilesTheSame.asm" />
    <MASM Include="private\sys\asm\AssignProcessToJobObject.asm" />
    <MASM Include="private\sys\asm\AssociateWaitCompletionPacket.asm" />
    <MASM Include="private\sys\asm\CallbackReturn.asm" />
    <MASM Include="private\sys\asm\CancelIoFile.asm" />
    <MASM Include="private\sys\asm\CancelIoFileEx.asm" />
    <MASM Include="private\sys\asm\CancelSynchronousIoFile.asm" />
    <MASM Include="private\sys\asm\CancelTimer.asm" />
    <MASM Include="private\sys\asm\CancelTimer2.asm" />
    <MASM Include="private\sys\asm\CancelWaitCompletionPacket.asm" />
    <MASM Include="private\sys\asm\ClearEvent.asm" />
    <MASM Include="private\sys\asm\CloseObjectAuditAlarm.asm" />
    <MASM Include="private\sys\asm\CommitComplete.asm" />
    <MASM Include="private\sys\asm\CommitEnlistment.asm" />
    <MASM Include="private\sys\asm\CommitRegistryTransaction.asm" />
    <MASM Include="private\sys\asm\CommitTransaction.asm" />
    <MASM Include="private\sys\asm\CompactKeys.asm" />
    <MASM Include="private\sys\asm\CompareObjects.asm" />
    <MASM Include="private\sys\asm\CompareTokens.asm" />
    <MASM Include="private\sys\asm\CompleteConnectPort.asm" />
    <MASM Include="private\sys\asm\CompressKey.asm" />
    <MASM Include="private\sys\asm\ConnectPort.asm" />
    <MASM Include="private\sys\asm\Continue.asm" />
    <MASM Include="private\sys\asm\CreateDebugObject.asm" />
    <MASM Include="private\sys\asm\CreateDirectoryObject.asm" />
    <MASM Include="private\sys\asm\CreateDirectoryObjectEx.asm" />
    <MASM Include="private\sys\asm\CreateEnclave.asm" />
    <MASM Include="private\sys\asm\CreateEnlistment.asm" />
    <MASM Include="private\sys\asm\CreateEvent.asm" />
    <MASM Include="private\sys\asm\CreateEventPair.asm" />
    <MASM Include="private\sys\asm\CreateIoCompletion.asm" />
    <MASM Include="private\sys\asm\CreateIRTimer.asm" />
    <MASM Include="private\sys\asm\CreateJobObject.asm" />
    <MASM Include="private\sys\asm\CreateJobSet.asm" />
    <MASM Include="private\sys\asm\CreateKey.asm" />
    <MASM Include="private\sys\asm\CreateKeyedEvent.asm" />
    <MASM Include="private\sys\asm\CreateKeyTransacted.asm" />
    <MASM Include="private\sys\asm\CreateLowBoxToken.asm" />
    <MASM Include="private\sys\asm\CreateMailslotFile.asm" />
    <MASM Include="private\sys\asm\CreateMutant.asm" />
    <MASM Include="private\sys\asm\CreateNamedPipeFile.asm" />
    <MASM Include="private\sys\asm\CreatePagingFile.asm" />
    <MASM Include="private\sys\asm\CreatePartition.asm" />
    <MASM Include="private\sys\asm\CreatePort.asm" />
    <MASM Include="private\sys\asm\CreatePrivateNamespace.asm" />
    <MASM Include="private\sys\asm\CreateProcess.asm" />
    <MASM Include="private\sys\asm\CreateProcessEx.asm" />
    <MASM Include="private\sys\asm\CreateProfile.asm" />
    <MASM Include="private\sys\asm\CreateProfileEx.asm" />
    <MASM Include="private\sys\asm\CreateRegistryTransaction.asm" />
    <MASM Include="private\sys\asm\CreateResourceManager.asm" />
    <MASM Include="private\sys\asm\CreateSection.asm" />
    <MASM Include="private\sys\asm\CreateSemaphore.asm" />
    <MASM Include="private\sys\asm\CreateSymbolicLinkObject.asm" />
    <MASM Include="private\sys\asm\CreateTimer.asm" />
    <MASM Include="private\sys\asm\CreateTimer2.asm" />
    <MASM Include="private\sys\asm\CreateToken.asm" />
    <MASM Include="private\sys\asm\CreateTokenEx.asm" />
    <MASM Include="private\sys\asm\CreateTransaction.asm" />
    <MASM Include="private\sys\asm\CreateTransactionManager.asm" />
    <MASM Include="private\sys\asm\CreateUserProcess.asm" />
    <MASM Include="private\sys\asm\CreateWaitablePort.asm" />
    <MASM Include="private\sys\asm\CreateWaitCompletionPacket.asm" />
    <MASM Include="private\sys\asm\CreateWnfStateName.asm" />
    <MASM Include="private\sys\asm\CreateWorkerFactory.asm" />
    <MASM Include="private\sys\asm\DebugActiveProcess.asm" />
    <MASM Include="private\sys\asm\DebugContinue.asm" />
    <MASM Include="private\sys\asm\DeleteAtom.asm" />
    <MASM Include="private\sys\asm\DeleteBootEntry.asm" />
    <MASM Include="private\sys\asm\DeleteDriverEntry.asm" />
    <MASM Include="private\sys\asm\DeleteFile.asm" />
    <MASM Include="private\sys\asm\DeleteKey.asm" />
    <MASM Include="private\sys\asm\DeleteObjectAuditAlarm.asm" />
    <MASM Include="private\sys\asm\DeletePrivateNamespace.asm" />
    <MASM Include="private\sys\asm\DeleteValueKey.asm" />
    <MASM Include="private\sys\asm\DeleteWnfStateData.asm" />
    <MASM Include="private\sys\asm\DeleteWnfStateName.asm" />
    <MASM Include="private\sys\asm\DeviceIoControlFile.asm" />
    <MASM Include="private\sys\asm\DisableLastKnownGood.asm" />
    <MASM Include="private\sys\asm\DisplayString.asm" />
    <MASM Include="private\sys\asm\DrawText.asm" />
    <MASM Include="private\sys\asm\DuplicateToken.asm" />
    <MASM Include="private\sys\asm\EnableLastKnownGood.asm" />
    <MASM Include="private\sys\asm\EnumerateBootEntries.asm" />
    <MASM Include="private\sys\asm\EnumerateDriverEntries.asm" />
    <MASM Include="private\sys\asm\EnumerateKey.asm" />
    <MASM Include="private\sys\asm\EnumerateSystemEnvironmentValuesEx.asm" />
    <MASM Include="private\sys\asm\EnumerateTransactionObject.asm" />
    <MASM Include="private\sys\asm\EnumerateValueKey.asm" />
    <MASM Include="private\sys\asm\ExtendSection.asm" />
    <MASM Include="private\sys\asm\FilterBootOption.asm" />
    <MASM Include="private\sys\asm\FilterToken.asm" />
    <MASM Include="private\sys\asm\FilterTokenEx.asm" />
    <MASM Include="private\sys\asm\FindAtom.asm" />
    <MASM Include="private\sys\asm\FlushBuffersFile.asm" />
    <MASM Include="private\sys\asm\FlushBuffersFileEx.asm" />
    <MASM Include="private\sys\asm\FlushInstallUILanguage.asm" />
    <MASM Include="private\sys\asm\FlushKey.asm" />
    <MASM Include="private\sys\asm\FlushProcessWriteBuffers.asm" />
    <MASM Include="private\sys\asm\FlushVirtualMemory.asm" />
    <MASM Include="private\sys\asm\FlushWriteBuffer.asm" />
    <MASM Include="private\sys\asm\FreeUserPhysicalPages.asm" />
    <MASM Include="private\sys\asm\FreezeRegistry.asm" />
    <MASM Include="private\sys\asm\FreezeTransactions.asm" />
    <MASM Include="private\sys\asm\FsControlFile.asm" />
    <MASM Include="private\sys\asm\GetCachedSigningLevel.asm" />
    <MASM Include="private\sys\asm\GetCompleteWnfStateSubscription.asm" />
    <MASM Include="private\sys\asm\GetContextThread.asm" />
    <MASM Include="private\sys\asm\GetCurrentProcessorNumber.asm" />
    <MASM Include="private\sys\asm\GetCurrentProcessorNumberEx.asm" />
    <MASM Include="private\sys\asm\GetDevicePowerState.asm" />
    <MASM Include="private\sys\asm\GetMUIRegistryInfo.asm" />
    <MASM Include="private\sys\asm\GetNextProcess.asm" />
    <MASM Include="private\sys\asm\GetNextThread.asm" />
    <MASM Include="private\sys\asm\GetNlsSectionPtr.asm" />
    <MASM Include="private\sys\asm\GetNotificationResourceManager.asm" />
    <MASM Include="private\sys\asm\GetWriteWatch.asm" />
    <MASM Include="private\sys\asm\ImpersonateAnonymousToken.asm" />
    <MASM Include="private\sys\asm\ImpersonateClientOfPort.asm" />
    <MASM Include="private\sys\asm\ImpersonateThread.asm" />
    <MASM Include="private\sys\asm\InitializeEnclave.asm" />
    <MASM Include="private\sys\asm\InitializeNlsFiles.asm" />
    <MASM Include="private\sys\asm\InitializeRegistry.asm" />
    <MASM Include="private\sys\asm\InitiatePowerAction.asm" />
    <MASM Include="private\sys\asm\IsProcessInJob.asm" />
    <MASM Include="private\sys\asm\IsSystemResumeAutomatic.asm" />
    <MASM Include="private\sys\asm\IsUILanguageComitted.asm" />
    <MASM Include="private\sys\asm\ListenPort.asm" />
    <MASM Include="private\sys\asm\LoadDriver.asm" />
    <MASM Include="private\sys\asm\LoadEnclaveData.asm" />
    <MASM Include="private\sys\asm\LoadKey.asm" />
    <MASM Include="private\sys\asm\LoadKey2.asm" />
    <MASM Include="private\sys\asm\LoadKeyEx.asm" />
    <MASM Include="private\sys\asm\LockFile.asm" />
    <MASM Include="private\sys\asm\LockProductActivationKeys.asm" />
    <MASM Include="private\sys\asm\LockRegistryKey.asm" />
    <MASM Include="private\sys\asm\MakePermanentObject.asm" />
    <MASM Include="private\sys\asm\MakeTemporaryObject.asm" />
    <MASM Include="private\sys\asm\ManagePartition.asm" />
    <MASM Include="private\sys\asm\MapCMFModule.asm" />
    <MASM Include="private\sys\asm\MapUserPhysicalPages.asm" />
    <MASM Include="private\sys\asm\MapUserPhysicalPagesScatter.asm" />
    <MASM Include="private\sys\asm\MapViewOfSection.asm" />
    <MASM Include="private\sys\asm\ModifyBootEntry.asm" />
    <MASM Include="private\sys\asm\ModifyDriverEntry.asm" />
    <MASM Include="private\sys\asm\NotifyChangeDirectoryFile.asm" />
    <MASM Include="private\sys\asm\NotifyChangeKey.asm" />
    <MASM Include="private\sys\asm\NotifyChangeMultipleKeys.asm" />
    <MASM Include="private\sys\asm\NotifyChangeSession.asm" />
    <MASM Include="private\sys\asm\OpenEnlistment.asm" />
    <MASM Include="private\sys\asm\OpenEvent.asm" />
    <MASM Include="private\sys\asm\OpenEventPair.asm" />
    <MASM Include="private\sys\asm\OpenFile.asm" />
    <MASM Include="private\sys\asm\OpenIoCompletion.asm" />
    <MASM Include="private\sys\asm\OpenJobObject.asm" />
    <MASM Include="private\sys\asm\OpenKey.asm" />
    <MASM Include="private\sys\asm\OpenKeyedEvent.asm" />
    <MASM Include="private\sys\asm\OpenKeyEx.asm" />
    <MASM Include="private\sys\asm\OpenKeyTransacted.asm" />
    <MASM Include="private\sys\asm\OpenKeyTransactedEx.asm" />
    <MASM Include="private\sys\asm\OpenMutant.asm" />
    <MASM Include="private\sys\asm\OpenObjectAuditAlarm.asm" />
    <MASM Include="private\sys\asm\OpenPartition.asm" />
    <MASM Include="private\sys\asm\OpenPrivateNamespace.asm" />
    <MASM Include="private\sys\asm\OpenProcessTokenEx.asm" />
    <MASM Include="private\sys\asm\OpenRegistryTransaction.asm" />
    <MASM Include="private\sys\asm\OpenResourceManager.asm" />
    <MASM Include="private\sys\asm\OpenSection.asm" />
    <MASM Include="private\sys\asm\OpenSemaphore.asm" />
    <MASM Include="private\sys\asm\OpenSession.asm" />
    <MASM Include="private\sys\asm\OpenSymbolicLinkObject.asm" />
    <MASM Include="private\sys\asm\OpenThread.asm" />
    <MASM Include="private\sys\asm\OpenThreadToken.asm" />
    <MASM Include="private\sys\asm\OpenThreadTokenEx.asm" />
    <MASM Include="private\sys\asm\OpenTimer.asm" />
    <MASM Include="private\sys\asm\OpenTransaction.asm" />
    <MASM Include="private\sys\asm\OpenTransactionManager.asm" />
    <MASM Include="private\sys\asm\PlugPlayControl.asm" />
    <MASM Include="private\sys\asm\PowerInformation.asm" />
    <MASM Include="private\sys\asm\PrepareComplete.asm" />
    <MASM Include="private\sys\asm\PrepareEnlistment.asm" />
    <MASM Include="private\sys\asm\PrePrepareComplete.asm" />
    <MASM Include="private\sys\asm\PrePrepareEnlistment.asm" />
    <MASM Include="private\sys\asm\PrivilegeCheck.asm" />
    <MASM Include="private\sys\asm\PrivilegedServiceAuditAlarm.asm" />
    <MASM Include="private\sys\asm\PrivilegeObjectAuditAlarm.asm" />
    <MASM Include="private\sys\asm\PropagationComplete.asm" />
    <MASM Include="private\sys\asm\PropagationFailed.asm" />
    <MASM Include="private\sys\asm\PulseEvent.asm" />
    <MASM Include="private\sys\asm\QueryAttributesFile.asm" />
    <MASM Include="private\sys\asm\QueryBootEntryOrder.asm" />
    <MASM Include="private\sys\asm\QueryBootOptions.asm" />
    <MASM Include="private\sys\asm\QueryDebugFilterState.asm" />
    <MASM Include="private\sys\asm\QueryDefaultLocale.asm" />
    <MASM Include="private\sys\asm\QueryDefaultUILanguage.asm" />
    <MASM Include="private\sys\asm\QueryDirectoryFile.asm" />
    <MASM Include="private\sys\asm\QueryDirectoryObject.asm" />
    <MASM Include="private\sys\asm\QueryDriverEntryOrder.asm" />
    <MASM Include="private\sys\asm\QueryEaFile.asm" />
    <MASM Include="private\sys\asm\QueryEvent.asm" />
    <MASM Include="private\sys\asm\QueryFullAttributesFile.asm" />
    <MASM Include="private\sys\asm\QueryInformationAtom.asm" />
    <MASM Include="private\sys\asm\QueryInformationEnlistment.asm" />
    <MASM Include="private\sys\asm\QueryInformationJobObject.asm" />
    <MASM Include="private\sys\asm\QueryInformationPort.asm" />
    <MASM Include="private\sys\asm\QueryInformationResourceManager.asm" />
    <MASM Include="private\sys\asm\QueryInformationTransaction.asm" />
    <MASM Include="private\sys\asm\QueryInformationTransactionManager.asm" />
    <MASM Include="private\sys\asm\QueryInformationWorkerFactory.asm" />
    <MASM Include="private\sys\asm\QueryInstallUILanguage.asm" />
    <MASM Include="private\sys\asm\QueryIntervalProfile.asm" />
    <MASM Include="private\sys\asm\QueryIoCompletion.asm" />
    <MASM Include="private\sys\asm\QueryKey.asm" />
    <MASM Include="private\sys\asm\QueryLicenseValue.asm" />
    <MASM Include="private\sys\asm\QueryMultipleValueKey.asm" />
    <MASM Include="private\sys\asm\QueryOpenSubKeys.asm" />
    <MASM Include="private\sys\asm\QueryOpenSubKeysEx.asm" />
    <MASM Include="private\sys\asm\QueryPerformanceCounter.asm" />
    <MASM Include="private\sys\asm\QueryPortInformationProcess.asm" />
    <MASM Include="private\sys\asm\QueryQuotaInformationFile.asm" />
    <MASM Include="private\sys\asm\QuerySection.asm" />
    <MASM Include="private\sys\asm\QuerySecurityAttributesToken.asm" />
    <MASM Include="private\sys\asm\QuerySecurityObject.asm" />
    <MASM Include="private\sys\asm\QuerySecurityPolicy.asm" />
    <MASM Include="private\sys\asm\QuerySemaphore.asm" />
    <MASM Include="private\sys\asm\QuerySymbolicLinkObject.asm" />
    <MASM Include="private\sys\asm\QuerySystemEnvironmentValue.asm" />
    <MASM Include="private\sys\asm\QuerySystemEnvironmentValueEx.asm" />
    <MASM Include="private\sys\asm\QuerySystemInformationEx.asm" />
    <MASM Include="private\sys\asm\QuerySystemTime.asm" />
    <MASM Include="private\sys\asm\QueryTimer.asm" />
    <MASM Include="private\sys\asm\QueryTimerResolution.asm" />
    <MASM Include="private\sys\asm\QueryValueKey.asm" />
    <MASM Include="private\sys\asm\QueryWnfStateData.asm" />
    <MASM Include="private\sys\asm\QueryWnfStateNameInformation.asm" />
    <MASM Include="private\sys\asm\QueueApcThread.asm" />
    <MASM Include="private\sys\asm\QueueApcThreadEx.asm" />
    <MASM Include="private\sys\asm\RaiseException.asm" />
    <MASM Include="private\sys\asm\RaiseHardError.asm" />
    <MASM Include="private\sys\asm\ReadFile.asm" />
    <MASM Include="private\sys\asm\ReadFileScatter.asm" />
    <MASM Include="private\sys\asm\ReadOnlyEnlistment.asm" />
    <MASM Include="private\sys\asm\ReadRequestData.asm" />
    <MASM Include="private\sys\asm\RecoverEnlistment.asm" />
    <MASM Include="private\sys\asm\RecoverResourceManager.asm" />
    <MASM Include="private\sys\asm\RecoverTransactionManager.asm" />
    <MASM Include="private\sys\asm\RegisterProtocolAddressInformation.asm" />
    <MASM Include="private\sys\asm\RegisterThreadTerminatePort.asm" />
    <MASM Include="private\sys\asm\ReleaseKeyedEvent.asm" />
    <MASM Include="private\sys\asm\ReleaseMutant.asm" />
    <MASM Include="private\sys\asm\ReleaseSemaphore.asm" />
    <MASM Include="private\sys\asm\ReleaseWorkerFactoryWorker.asm" />
    <MASM Include="private\sys\asm\RemoveIoCompletion.asm" />
    <MASM Include="private\sys\asm\RemoveIoCompletionEx.asm" />
    <MASM Include="private\sys\asm\RemoveProcessDebug.asm" />
    <MASM Include="private\sys\asm\RenameKey.asm" />
    <MASM Include="private\sys\asm\RenameTransactionManager.asm" />
    <MASM Include="private\sys\asm\ReplaceKey.asm" />
    <MASM Include="private\sys\asm\ReplacePartitionUnit.asm" />
    <MASM Include="private\sys\asm\ReplyPort.asm" />
    <MASM Include="private\sys\asm\ReplyWaitReceivePort.asm" />
    <MASM Include="private\sys\asm\ReplyWaitReceivePortEx.asm" />
    <MASM Include="private\sys\asm\ReplyWaitReplyPort.asm" />
    <MASM Include="private\sys\asm\RequestPort.asm" />
    <MASM Include="private\sys\asm\RequestWaitReplyPort.asm" />
    <MASM Include="private\sys\asm\ResetEvent.asm" />
    <MASM Include="private\sys\asm\ResetWriteWatch.asm" />
    <MASM Include="private\sys\asm\RestoreKey.asm" />
    <MASM Include="private\sys\asm\RevertContainerImpersonation.asm" />
    <MASM Include="private\sys\asm\RollbackComplete.asm" />
    <MASM Include="private\sys\asm\RollbackEnlistment.asm" />
    <MASM Include="private\sys\asm\RollbackRegistryTransaction.asm" />
    <MASM Include="private\sys\asm\RollbackTransaction.asm" />
    <MASM Include="private\sys\asm\RollforwardTransactionManager.asm" />
    <MASM Include="private\sys\asm\SaveKey.asm" />
    <MASM Include="private\sys\asm\SaveKeyEx.asm" />
    <MASM Include="private\sys\asm\SaveMergedKeys.asm" />
    <MASM Include="private\sys\asm\SecureConnectPort.asm" />
    <MASM Include="private\sys\asm\SerializeBoot.asm" />
    <MASM Include="private\sys\asm\SetBootEntryOrder.asm" />
    <MASM Include="private\sys\asm\SetBootOptions.asm" />
    <MASM Include="private\sys\asm\SetCachedSigningLevel.asm" />
    <MASM Include="private\sys\asm\SetCachedSigningLevel2.asm" />
    <MASM Include="private\sys\asm\SetContextThread.asm" />
    <MASM Include="private\sys\asm\SetDebugFilterState.asm" />
    <MASM Include="private\sys\asm\SetDefaultHardErrorPort.asm" />
    <MASM Include="private\sys\asm\SetDefaultLocale.asm" />
    <MASM Include="private\sys\asm\SetDefaultUILanguage.asm" />
    <MASM Include="private\sys\asm\SetDriverEntryOrder.asm" />
    <MASM Include="private\sys\asm\SetEaFile.asm" />
    <MASM Include="private\sys\asm\SetEvent.asm" />
    <MASM Include="private\sys\asm\SetEventBoostPriority.asm" />
    <MASM Include="private\sys\asm\SetHighEventPair.asm" />
    <MASM Include="private\sys\asm\SetHighWaitLowEventPair.asm" />
    <MASM Include="private\sys\asm\SetInformationDebugObject.asm" />
    <MASM Include="private\sys\asm\SetInformationEnlistment.asm" />
    <MASM Include="private\sys\asm\SetInformationFile.asm" />
    <MASM Include="private\sys\asm\SetInformationJobObject.asm" />
    <MASM Include="private\sys\asm\SetInformationKey.asm" />
    <MASM Include="private\sys\asm\SetInformationObject.asm" />
    <MASM Include="private\sys\asm\SetInformationProcess.asm" />
    <MASM Include="private\sys\asm\SetInformationResourceManager.asm" />
    <MASM Include="private\sys\asm\SetInformationSymbolicLink.asm" />
    <MASM Include="private\sys\asm\SetInformationToken.asm" />
    <MASM Include="private\sys\asm\SetInformationTransaction.asm" />
    <MASM Include="private\sys\asm\SetInformationTransactionManager.asm" />
    <MASM Include="private\sys\asm\SetInformationVirtualMemory.asm" />
    <MASM Include="private\sys\asm\SetInformationWorkerFactory.asm" />
    <MASM Include="private\sys\asm\SetIntervalProfile.asm" />
    <MASM Include="private\sys\asm\SetIoCompletion.asm" />
    <MASM Include="private\sys\asm\SetIoCompletionEx.asm" />
    <MASM Include="private\sys\asm\SetIRTimer.asm" />
    <MASM Include="private\sys\asm\SetLdtEntries.asm" />
    <MASM Include="private\sys\asm\SetLowEventPair.asm" />
    <MASM Include="private\sys\asm\SetLowWaitHighEventPair.asm" />
    <MASM Include="private\sys\asm\SetQuotaInformationFile.asm" />
    <MASM Include="private\sys\asm\SetSecurityObject.asm" />
    <MASM Include="private\sys\asm\SetSystemEnvironmentValue.asm" />
    <MASM Include="private\sys\asm\SetSystemEnvironmentValueEx.asm" />
    <MASM Include="private\sys\asm\SetSystemInformation.asm" />
    <MASM Include="private\sys\asm\SetSystemPowerState.asm" />
    <MASM Include="private\sys\asm\SetSystemTime.asm" />
    <MASM Include="private\sys\asm\SetThreadExecutionState.asm" />
    <MASM Include="private\sys\asm\SetTimer.asm" />
    <MASM Include="private\sys\asm\SetTimer2.asm" />
    <MASM Include="private\sys\asm\SetTimerEx.asm" />
    <MASM Include="private\sys\asm\SetTimerResolution.asm" />
    <MASM Include="private\sys\asm\SetUuidSeed.asm" />
    <MASM Include="private\sys\asm\SetValueKey.asm" />
    <MASM Include="private\sys\asm\SetVolumeInformationFile.asm" />
    <MASM Include="private\sys\asm\SetWnfProcessNotificationEvent.asm" />
    <MASM Include="private\sys\asm\ShutdownSystem.asm" />
    <MASM Include="private\sys\asm\ShutdownWorkerFactory.asm" />
    <MASM Include="private\sys\asm\SignalAndWaitForSingleObject.asm" />
    <MASM Include="private\sys\asm\SinglePhaseReject.asm" />
    <MASM Include="private\sys\asm\StartProfile.asm" />
    <MASM Include="private\sys\asm\StopProfile.asm" />
    <MASM Include="private\sys\asm\SubscribeWnfStateChange.asm" />
    <MASM Include="private\sys\asm\SuspendThread.asm" />
    <MASM Include="private\sys\asm\SystemDebugControl.asm" />
    <MASM Include="private\sys\asm\TerminateJobObject.asm" />
    <MASM Include="private\sys\asm\TerminateProcess.asm" />
    <MASM Include="private\sys\asm\TerminateThread.asm" />
    <MASM Include="private\sys\asm\TestAlert.asm" />
    <MASM Include="private\sys\asm\ThawRegistry.asm" />
    <MASM Include="private\sys\asm\ThawTransactions.asm" />
    <MASM Include="private\sys\asm\TraceControl.asm" />
    <MASM Include="private\sys\asm\TraceEvent.asm" />
    <MASM Include="private\sys\asm\TranslateFilePath.asm" />
    <MASM Include="private\sys\asm\UmsThreadYield.asm" />
    <MASM Include="private\sys\asm\UnloadDriver.asm" />
    <MASM Include="private\sys\asm\UnloadKey.asm" />
    <MASM Include="private\sys\asm\UnloadKey2.asm" />
    <MASM Include="private\sys\asm\UnloadKeyEx.asm" />
    <MASM Include="private\sys\asm\UnlockFile.asm" />
    <MASM Include="private\sys\asm\UnmapViewOfSection.asm" />
    <MASM Include="private\sys\asm\UnmapViewOfSectionEx.asm" />
    <MASM Include="private\sys\asm\UnsubscribeWnfStateChange.asm" />
    <MASM Include="private\sys\asm\UpdateWnfStateData.asm" />
    <MASM Include="private\sys\asm\VdmControl.asm" />
    <MASM Include="private\sys\asm\WaitForAlertByThreadId.asm" />
    <MASM Include="private\sys\asm\WaitForDebugEvent.asm" />
    <MASM Include="private\sys\asm\WaitForKeyedEvent.asm" />
    <MASM Include="private\sys\asm\WaitForMultipleObjects32.asm" />
    <MASM Include="private\sys\asm\WaitForWorkViaWorkerFactory.asm" />
    <MASM Include="private\sys\asm\WaitHighEventPair.asm" />
    <MASM Include="private\sys\asm\WaitLowEventPair.asm" />
    <MASM Include="private\sys\asm\WorkerFactoryWorkerReady.asm" />
    <MASM Include="private\sys\asm\WriteFile.asm" />
    <MASM Include="private\sys\asm\WriteFileGather.asm" />
    <MASM Include="private\sys\asm\WriteRequestData.asm" />
  </ItemGroup>
  <ItemGroup>
    <Filter Include="private">
      <UniqueIdentifier>{0ddf48ab-0694-40d2-bb41-d2d9ef3c8324}</UniqueIdentifier>
    </Filter>
    <Filter Include="public">
      <UniqueIdentifier>{930b2bd8-2242-4f73-a0fe-51d6dfe3132a}</UniqueIdentifier>
    </Filter>
    <Filter Include="private\distorm">
      <UniqueIdentifier>{8ffeac98-cad4-4bf9-8075-323ade4bd889}</UniqueIdentifier>
    </Filter>
    <Filter Include="private\sys">
      <UniqueIdentifier>{038c6612-06f0-471b-8684-08320b1448b6}</UniqueIdentifier>
    </Filter>
    <Filter Include="private\sys\asm">
      <UniqueIdentifier>{e98453f3-69be-47b5-aad2-6023d51e816e}</UniqueIdentifier>
    </Filter>
    <Filter Include="include">
      <UniqueIdentifier>{8d76bb82-8eab-47eb-ba8c-8599b1a7aaf9}</UniqueIdentifier>
    </Filter>
  </ItemGroup>
</Project>