<?xml version="1.0" encoding="utf-8"?>
<Project ToolsVersion="4.0" xmlns="http://schemas.microsoft.com/developer/msbuild/2003">
  <ItemGroup>
    <ClCompile Include="private\distorm\src\decoder.c">
      <Filter>private\distorm</Filter>
    </ClCompile>
    <ClCompile Include="private\distorm\src\distorm.c">
      <Filter>private\distorm</Filter>
    </ClCompile>
    <ClCompile Include="private\distorm\src\wstring.c">
      <Filter>private\distorm</Filter>
    </ClCompile>
    <ClCompile Include="private\distorm\src\textdefs.c">
      <Filter>private\distorm</Filter>
    </ClCompile>
    <ClCompile Include="private\distorm\src\prefix.c">
      <Filter>private\distorm</Filter>
    </ClCompile>
    <ClCompile Include="private\distorm\src\operands.c">
      <Filter>private\distorm</Filter>
    </ClCompile>
    <ClCompile Include="private\distorm\src\mnemonics.c">
      <Filter>private\distorm</Filter>
    </ClCompile>
    <ClCompile Include="private\distorm\src\insts.c">
      <Filter>private\distorm</Filter>
    </ClCompile>
    <ClCompile Include="private\distorm\src\instructions.c">
      <Filter>private\distorm</Filter>
    </ClCompile>
    <ClCompile Include="Build\Include\highcall.c">
      <Filter>include</Filter>
    </ClCompile>
    <ClCompile Include="private\sys\syscall.c">
      <Filter>private\sys</Filter>
    </ClCompile>
    <ClCompile Include="private\kernel\error.c">
      <Filter>private\kernel</Filter>
    </ClCompile>
    <ClCompile Include="private\kernel\file.c">
      <Filter>private\kernel</Filter>
    </ClCompile>
    <ClCompile Include="private\kernel\hook.c">
      <Filter>private\kernel</Filter>
    </ClCompile>
    <ClCompile Include="private\kernel\inject.c">
      <Filter>private\kernel</Filter>
    </ClCompile>
    <ClCompile Include="private\kernel\internal.c">
      <Filter>private\kernel</Filter>
    </ClCompile>
    <ClCompile Include="private\kernel\module.c">
      <Filter>private\kernel</Filter>
    </ClCompile>
    <ClCompile Include="private\kernel\object.c">
      <Filter>private\kernel</Filter>
    </ClCompile>
    <ClCompile Include="private\kernel\process.c">
      <Filter>private\kernel</Filter>
    </ClCompile>
    <ClCompile Include="private\kernel\string.c">
      <Filter>private\kernel</Filter>
    </ClCompile>
    <ClCompile Include="private\kernel\token.c">
      <Filter>private\kernel</Filter>
    </ClCompile>
    <ClCompile Include="private\kernel\virtual.c">
      <Filter>private\kernel</Filter>
    </ClCompile>
    <ClCompile Include="private\kernel\volume.c">
      <Filter>private\kernel</Filter>
    </ClCompile>
    <ClCompile Include="private\kernel\path.c">
      <Filter>private\sys\asm</Filter>
    </ClCompile>
    <ClCompile Include="private\kernel\common.c">
      <Filter>private</Filter>
    </ClCompile>
    <ClCompile Include="private\kernel\thread.c" />
    <ClCompile Include="private\kernel\deviceio.c" />
    <ClCompile Include="private\kernel\util.c" />
    <ClCompile Include="private\kernel\image.c">
      <Filter>private\kernel</Filter>
    </ClCompile>
    <ClCompile Include="private\sys\table.c" />
    <ClCompile Include="private\kernel\scan.c" />
    <ClCompile Include="private\kernel\hash.c" />
    <ClCompile Include="private\kernel\unique_id.cpp" />
  </ItemGroup>
  <ItemGroup>
    <ClInclude Include="private\distorm\src\config.h">
      <Filter>private\distorm</Filter>
    </ClInclude>
    <ClInclude Include="private\distorm\src\decoder.h">
      <Filter>private\distorm</Filter>
    </ClInclude>
    <ClInclude Include="private\distorm\include\distorm.h">
      <Filter>private\distorm</Filter>
    </ClInclude>
    <ClInclude Include="private\distorm\src\x86defs.h">
      <Filter>private\distorm</Filter>
    </ClInclude>
    <ClInclude Include="private\distorm\src\wstring.h">
      <Filter>private\distorm</Filter>
    </ClInclude>
    <ClInclude Include="private\distorm\src\textdefs.h">
      <Filter>private\distorm</Filter>
    </ClInclude>
    <ClInclude Include="private\distorm\src\prefix.h">
      <Filter>private\distorm</Filter>
    </ClInclude>
    <ClInclude Include="private\distorm\src\operands.h">
      <Filter>private\distorm</Filter>
    </ClInclude>
    <ClInclude Include="private\distorm\include\mnemonics.h">
      <Filter>private\distorm</Filter>
    </ClInclude>
    <ClInclude Include="private\distorm\src\insts.h">
      <Filter>private\distorm</Filter>
    </ClInclude>
    <ClInclude Include="private\distorm\src\instructions.h">
      <Filter>private\distorm</Filter>
    </ClInclude>
    <ClInclude Include="public\imports.h">
      <Filter>public</Filter>
    </ClInclude>
    <ClInclude Include="public\wintype.h">
      <Filter>public</Filter>
    </ClInclude>
    <ClInclude Include="public\status.h">
      <Filter>public</Filter>
    </ClInclude>
    <ClInclude Include="public\native.h">
      <Filter>public</Filter>
    </ClInclude>
    <ClInclude Include="Build\Include\highcall.h">
      <Filter>include</Filter>
    </ClInclude>
    <ClInclude Include="private\sys\syscall.h">
      <Filter>private\sys</Filter>
    </ClInclude>
    <ClInclude Include="public\base.h">
      <Filter>private\sys\asm</Filter>
    </ClInclude>
    <ClInclude Include="public\ntuser.h">
      <Filter>private\sys\asm</Filter>
    </ClInclude>
    <ClInclude Include="private\sys\table.h" />
    <ClInclude Include="private\sys\version_table_86_64.h" />
    <ClInclude Include="private\sys\version_table_86.h" />
    <ClInclude Include="private\sys\version_table_wow64.h" />
  </ItemGroup>
  <ItemGroup>
    <MASM Include="private\sys\asm\AdjustPrivilegesToken.asm">
      <Filter>private\sys\asm</Filter>
    </MASM>
    <MASM Include="private\sys\asm\Close.asm">
      <Filter>private\sys\asm</Filter>
    </MASM>
    <MASM Include="private\sys\asm\AllocateVirtualMemory.asm">
      <Filter>private\sys\asm</Filter>
    </MASM>
    <MASM Include="private\sys\asm\CreateFile.asm">
      <Filter>private\sys\asm</Filter>
    </MASM>
    <MASM Include="private\sys\asm\CreateThread.asm">
      <Filter>private\sys\asm</Filter>
    </MASM>
    <MASM Include="private\sys\asm\CreateThreadEx.asm">
      <Filter>private\sys\asm</Filter>
    </MASM>
    <MASM Include="private\sys\asm\FlushInstructionCache.asm">
      <Filter>private\sys\asm</Filter>
    </MASM>
    <MASM Include="private\sys\asm\FreeVirtualMemory.asm">
      <Filter>private\sys\asm</Filter>
    </MASM>
    <MASM Include="private\sys\asm\ProtectVirtualMemory.asm">
      <Filter>private\sys\asm</Filter>
    </MASM>
    <MASM Include="private\sys\asm\QueryInformationFile.asm">
      <Filter>private\sys\asm</Filter>
    </MASM>
    <MASM Include="private\sys\asm\QueryInformationProcess.asm">
      <Filter>private\sys\asm</Filter>
    </MASM>
    <MASM Include="private\sys\asm\QueryInformationThread.asm">
      <Filter>private\sys\asm</Filter>
    </MASM>
    <MASM Include="private\sys\asm\QueryInformationToken.asm">
      <Filter>private\sys\asm</Filter>
    </MASM>
    <MASM Include="private\sys\asm\QuerySystemInformation.asm">
      <Filter>private\sys\asm</Filter>
    </MASM>
    <MASM Include="private\sys\asm\QueryVirtualMemory.asm">
      <Filter>private\sys\asm</Filter>
    </MASM>
    <MASM Include="private\sys\asm\QueryVolumeInformationFile.asm">
      <Filter>private\sys\asm</Filter>
    </MASM>
    <MASM Include="private\sys\asm\ReadVirtualMemory.asm">
      <Filter>private\sys\asm</Filter>
    </MASM>
    <MASM Include="private\sys\asm\ResumeProcess.asm">
      <Filter>private\sys\asm</Filter>
    </MASM>
    <MASM Include="private\sys\asm\ResumeThread.asm">
      <Filter>private\sys\asm</Filter>
    </MASM>
    <MASM Include="private\sys\asm\SetInformationThread.asm">
      <Filter>private\sys\asm</Filter>
    </MASM>
    <MASM Include="private\sys\asm\SuspendProcess.asm">
      <Filter>private\sys\asm</Filter>
    </MASM>
    <MASM Include="private\sys\asm\UnlockVirtualMemory.asm">
      <Filter>private\sys\asm</Filter>
    </MASM>
    <MASM Include="private\sys\asm\WaitForMultipleObjects.asm">
      <Filter>private\sys\asm</Filter>
    </MASM>
    <MASM Include="private\sys\asm\WaitForSingleObject.asm">
      <Filter>private\sys\asm</Filter>
    </MASM>
    <MASM Include="private\sys\asm\OpenProcessToken.asm">
      <Filter>private\sys\asm</Filter>
    </MASM>
    <MASM Include="private\sys\asm\OpenProcess.asm">
      <Filter>private\sys\asm</Filter>
    </MASM>
    <MASM Include="private\sys\asm\OpenDirectoryObject.asm">
      <Filter>private\sys\asm</Filter>
    </MASM>
    <MASM Include="private\sys\asm\LockVirtualMemory.asm">
      <Filter>private\sys\asm</Filter>
    </MASM>
    <MASM Include="private\sys\asm\QueryObject.asm">
      <Filter>private\sys\asm</Filter>
    </MASM>
    <MASM Include="private\sys\asm\DuplicateObject.asm">
      <Filter>private\sys\asm</Filter>
    </MASM>
    <MASM Include="private\sys\asm\AcceptConnectPort.asm">
      <Filter>private\sys\asm</Filter>
    </MASM>
    <MASM Include="private\sys\asm\AccessCheck.asm">
      <Filter>private\sys\asm</Filter>
    </MASM>
    <MASM Include="private\sys\asm\AccessCheckAndAuditAlarm.asm">
      <Filter>private\sys\asm</Filter>
    </MASM>
    <MASM Include="private\sys\asm\AccessCheckByType.asm">
      <Filter>private\sys\asm</Filter>
    </MASM>
    <MASM Include="private\sys\asm\AccessCheckByTypeResultList.asm">
      <Filter>private\sys\asm</Filter>
    </MASM>
    <MASM Include="private\sys\asm\AddAtom.asm">
      <Filter>private\sys\asm</Filter>
    </MASM>
    <MASM Include="private\sys\asm\AddAtomEx.asm">
      <Filter>private\sys\asm</Filter>
    </MASM>
    <MASM Include="private\sys\asm\AddBootEntry.asm">
      <Filter>private\sys\asm</Filter>
    </MASM>
    <MASM Include="private\sys\asm\AddDriverEntry.asm">
      <Filter>private\sys\asm</Filter>
    </MASM>
    <MASM Include="private\sys\asm\AdjustGroupsToken.asm">
      <Filter>private\sys\asm</Filter>
    </MASM>
    <MASM Include="private\sys\asm\AdjustTokenClaimsAndDeviceGroups.asm">
      <Filter>private\sys\asm</Filter>
    </MASM>
    <MASM Include="private\sys\asm\AlertResumeThread.asm">
      <Filter>private\sys\asm</Filter>
    </MASM>
    <MASM Include="private\sys\asm\AlertThread.asm">
      <Filter>private\sys\asm</Filter>
    </MASM>
    <MASM Include="private\sys\asm\AlertThreadByThreadId.asm">
      <Filter>private\sys\asm</Filter>
    </MASM>
    <MASM Include="private\sys\asm\AllocateLocallyUniqueId.asm">
      <Filter>private\sys\asm</Filter>
    </MASM>
    <MASM Include="private\sys\asm\AllocateReserveObject.asm">
      <Filter>private\sys\asm</Filter>
    </MASM>
    <MASM Include="private\sys\asm\AllocateUserPhysicalPages.asm">
      <Filter>private\sys\asm</Filter>
    </MASM>
    <MASM Include="private\sys\asm\AllocateUuids.asm">
      <Filter>private\sys\asm</Filter>
    </MASM>
    <MASM Include="private\sys\asm\AlpcAcceptConnectPort.asm">
      <Filter>private\sys\asm</Filter>
    </MASM>
    <MASM Include="private\sys\asm\AlpcCancelMessage.asm">
      <Filter>private\sys\asm</Filter>
    </MASM>
    <MASM Include="private\sys\asm\AlpcConnectPort.asm">
      <Filter>private\sys\asm</Filter>
    </MASM>
    <MASM Include="private\sys\asm\AlpcConnectPortEx.asm">
      <Filter>private\sys\asm</Filter>
    </MASM>
    <MASM Include="private\sys\asm\AlpcCreatePort.asm">
      <Filter>private\sys\asm</Filter>
    </MASM>
    <MASM Include="private\sys\asm\AlpcCreatePortSection.asm">
      <Filter>private\sys\asm</Filter>
    </MASM>
    <MASM Include="private\sys\asm\AlpcCreateResourceReserve.asm">
      <Filter>private\sys\asm</Filter>
    </MASM>
    <MASM Include="private\sys\asm\AlpcCreateSectionView.asm">
      <Filter>private\sys\asm</Filter>
    </MASM>
    <MASM Include="private\sys\asm\AlpcCreateSecurityContext.asm">
      <Filter>private\sys\asm</Filter>
    </MASM>
    <MASM Include="private\sys\asm\AlpcDeletePortSection.asm">
      <Filter>private\sys\asm</Filter>
    </MASM>
    <MASM Include="private\sys\asm\AlpcDeleteResourceReserve.asm">
      <Filter>private\sys\asm</Filter>
    </MASM>
    <MASM Include="private\sys\asm\AlpcDeleteSectionView.asm">
      <Filter>private\sys\asm</Filter>
    </MASM>
    <MASM Include="private\sys\asm\AlpcDeleteSecurityContext.asm">
      <Filter>private\sys\asm</Filter>
    </MASM>
    <MASM Include="private\sys\asm\AlpcDisconnectPort.asm">
      <Filter>private\sys\asm</Filter>
    </MASM>
    <MASM Include="private\sys\asm\AlpcImpersonateClientContainerOfPort.asm">
      <Filter>private\sys\asm</Filter>
    </MASM>
    <MASM Include="private\sys\asm\AlpcImpersonateClientOfPort.asm">
      <Filter>private\sys\asm</Filter>
    </MASM>
    <MASM Include="private\sys\asm\AlpcOpenSenderProcess.asm">
      <Filter>private\sys\asm</Filter>
    </MASM>
    <MASM Include="private\sys\asm\AlpcOpenSenderThread.asm">
      <Filter>private\sys\asm</Filter>
    </MASM>
    <MASM Include="private\sys\asm\AlpcQueryInformation.asm">
      <Filter>private\sys\asm</Filter>
    </MASM>
    <MASM Include="private\sys\asm\AlpcQueryInformationMessage.asm">
      <Filter>private\sys\asm</Filter>
    </MASM>
    <MASM Include="private\sys\asm\AlpcRevokeSecurityContext.asm">
      <Filter>private\sys\asm</Filter>
    </MASM>
    <MASM Include="private\sys\asm\AlpcSendWaitReceivePort.asm">
      <Filter>private\sys\asm</Filter>
    </MASM>
    <MASM Include="private\sys\asm\AlpcSetInformation.asm">
      <Filter>private\sys\asm</Filter>
    </MASM>
    <MASM Include="private\sys\asm\ApphelpCacheControl.asm">
      <Filter>private\sys\asm</Filter>
    </MASM>
    <MASM Include="private\sys\asm\AreMappedFilesTheSame.asm">
      <Filter>private\sys\asm</Filter>
    </MASM>
    <MASM Include="private\sys\asm\AssignProcessToJobObject.asm">
      <Filter>private\sys\asm</Filter>
    </MASM>
    <MASM Include="private\sys\asm\AssociateWaitCompletionPacket.asm">
      <Filter>private\sys\asm</Filter>
    </MASM>
    <MASM Include="private\sys\asm\CallbackReturn.asm">
      <Filter>private\sys\asm</Filter>
    </MASM>
    <MASM Include="private\sys\asm\CancelIoFile.asm">
      <Filter>private\sys\asm</Filter>
    </MASM>
    <MASM Include="private\sys\asm\CancelIoFileEx.asm">
      <Filter>private\sys\asm</Filter>
    </MASM>
    <MASM Include="private\sys\asm\CancelSynchronousIoFile.asm">
      <Filter>private\sys\asm</Filter>
    </MASM>
    <MASM Include="private\sys\asm\CancelTimer.asm">
      <Filter>private\sys\asm</Filter>
    </MASM>
    <MASM Include="private\sys\asm\CancelTimer2.asm">
      <Filter>private\sys\asm</Filter>
    </MASM>
    <MASM Include="private\sys\asm\CancelWaitCompletionPacket.asm">
      <Filter>private\sys\asm</Filter>
    </MASM>
    <MASM Include="private\sys\asm\ClearEvent.asm">
      <Filter>private\sys\asm</Filter>
    </MASM>
    <MASM Include="private\sys\asm\CloseObjectAuditAlarm.asm">
      <Filter>private\sys\asm</Filter>
    </MASM>
    <MASM Include="private\sys\asm\CommitComplete.asm">
      <Filter>private\sys\asm</Filter>
    </MASM>
    <MASM Include="private\sys\asm\CommitEnlistment.asm">
      <Filter>private\sys\asm</Filter>
    </MASM>
    <MASM Include="private\sys\asm\CommitRegistryTransaction.asm">
      <Filter>private\sys\asm</Filter>
    </MASM>
    <MASM Include="private\sys\asm\CommitTransaction.asm">
      <Filter>private\sys\asm</Filter>
    </MASM>
    <MASM Include="private\sys\asm\CompactKeys.asm">
      <Filter>private\sys\asm</Filter>
    </MASM>
    <MASM Include="private\sys\asm\CompareObjects.asm">
      <Filter>private\sys\asm</Filter>
    </MASM>
    <MASM Include="private\sys\asm\CompareTokens.asm">
      <Filter>private\sys\asm</Filter>
    </MASM>
    <MASM Include="private\sys\asm\CompleteConnectPort.asm">
      <Filter>private\sys\asm</Filter>
    </MASM>
    <MASM Include="private\sys\asm\CompressKey.asm">
      <Filter>private\sys\asm</Filter>
    </MASM>
    <MASM Include="private\sys\asm\ConnectPort.asm">
      <Filter>private\sys\asm</Filter>
    </MASM>
    <MASM Include="private\sys\asm\Continue.asm">
      <Filter>private\sys\asm</Filter>
    </MASM>
    <MASM Include="private\sys\asm\CreateDebugObject.asm">
      <Filter>private\sys\asm</Filter>
    </MASM>
    <MASM Include="private\sys\asm\CreateDirectoryObject.asm">
      <Filter>private\sys\asm</Filter>
    </MASM>
    <MASM Include="private\sys\asm\CreateDirectoryObjectEx.asm">
      <Filter>private\sys\asm</Filter>
    </MASM>
    <MASM Include="private\sys\asm\CreateEnclave.asm">
      <Filter>private\sys\asm</Filter>
    </MASM>
    <MASM Include="private\sys\asm\CreateEnlistment.asm">
      <Filter>private\sys\asm</Filter>
    </MASM>
    <MASM Include="private\sys\asm\CreateEvent.asm">
      <Filter>private\sys\asm</Filter>
    </MASM>
    <MASM Include="private\sys\asm\CreateEventPair.asm">
      <Filter>private\sys\asm</Filter>
    </MASM>
    <MASM Include="private\sys\asm\CreateIoCompletion.asm">
      <Filter>private\sys\asm</Filter>
    </MASM>
    <MASM Include="private\sys\asm\CreateIRTimer.asm">
      <Filter>private\sys\asm</Filter>
    </MASM>
    <MASM Include="private\sys\asm\CreateJobObject.asm">
      <Filter>private\sys\asm</Filter>
    </MASM>
    <MASM Include="private\sys\asm\CreateJobSet.asm">
      <Filter>private\sys\asm</Filter>
    </MASM>
    <MASM Include="private\sys\asm\CreateKey.asm">
      <Filter>private\sys\asm</Filter>
    </MASM>
    <MASM Include="private\sys\asm\CreateKeyedEvent.asm">
      <Filter>private\sys\asm</Filter>
    </MASM>
    <MASM Include="private\sys\asm\CreateKeyTransacted.asm">
      <Filter>private\sys\asm</Filter>
    </MASM>
    <MASM Include="private\sys\asm\CreateLowBoxToken.asm">
      <Filter>private\sys\asm</Filter>
    </MASM>
    <MASM Include="private\sys\asm\CreateMailslotFile.asm">
      <Filter>private\sys\asm</Filter>
    </MASM>
    <MASM Include="private\sys\asm\CreateMutant.asm">
      <Filter>private\sys\asm</Filter>
    </MASM>
    <MASM Include="private\sys\asm\CreateNamedPipeFile.asm">
      <Filter>private\sys\asm</Filter>
    </MASM>
    <MASM Include="private\sys\asm\CreatePagingFile.asm">
      <Filter>private\sys\asm</Filter>
    </MASM>
    <MASM Include="private\sys\asm\CreatePartition.asm">
      <Filter>private\sys\asm</Filter>
    </MASM>
    <MASM Include="private\sys\asm\CreatePort.asm">
      <Filter>private\sys\asm</Filter>
    </MASM>
    <MASM Include="private\sys\asm\CreatePrivateNamespace.asm">
      <Filter>private\sys\asm</Filter>
    </MASM>
    <MASM Include="private\sys\asm\CreateProcess.asm">
      <Filter>private\sys\asm</Filter>
    </MASM>
    <MASM Include="private\sys\asm\CreateProcessEx.asm">
      <Filter>private\sys\asm</Filter>
    </MASM>
    <MASM Include="private\sys\asm\CreateProfile.asm">
      <Filter>private\sys\asm</Filter>
    </MASM>
    <MASM Include="private\sys\asm\CreateProfileEx.asm">
      <Filter>private\sys\asm</Filter>
    </MASM>
    <MASM Include="private\sys\asm\CreateRegistryTransaction.asm">
      <Filter>private\sys\asm</Filter>
    </MASM>
    <MASM Include="private\sys\asm\CreateResourceManager.asm">
      <Filter>private\sys\asm</Filter>
    </MASM>
    <MASM Include="private\sys\asm\CreateSection.asm">
      <Filter>private\sys\asm</Filter>
    </MASM>
    <MASM Include="private\sys\asm\CreateSemaphore.asm">
      <Filter>private\sys\asm</Filter>
    </MASM>
    <MASM Include="private\sys\asm\CreateSymbolicLinkObject.asm">
      <Filter>private\sys\asm</Filter>
    </MASM>
    <MASM Include="private\sys\asm\CreateTimer.asm">
      <Filter>private\sys\asm</Filter>
    </MASM>
    <MASM Include="private\sys\asm\CreateTimer2.asm">
      <Filter>private\sys\asm</Filter>
    </MASM>
    <MASM Include="private\sys\asm\CreateToken.asm">
      <Filter>private\sys\asm</Filter>
    </MASM>
    <MASM Include="private\sys\asm\CreateTokenEx.asm">
      <Filter>private\sys\asm</Filter>
    </MASM>
    <MASM Include="private\sys\asm\CreateTransaction.asm">
      <Filter>private\sys\asm</Filter>
    </MASM>
    <MASM Include="private\sys\asm\CreateTransactionManager.asm">
      <Filter>private\sys\asm</Filter>
    </MASM>
    <MASM Include="private\sys\asm\CreateUserProcess.asm">
      <Filter>private\sys\asm</Filter>
    </MASM>
    <MASM Include="private\sys\asm\CreateWaitablePort.asm">
      <Filter>private\sys\asm</Filter>
    </MASM>
    <MASM Include="private\sys\asm\CreateWaitCompletionPacket.asm">
      <Filter>private\sys\asm</Filter>
    </MASM>
    <MASM Include="private\sys\asm\CreateWnfStateName.asm">
      <Filter>private\sys\asm</Filter>
    </MASM>
    <MASM Include="private\sys\asm\CreateWorkerFactory.asm">
      <Filter>private\sys\asm</Filter>
    </MASM>
    <MASM Include="private\sys\asm\DebugActiveProcess.asm">
      <Filter>private\sys\asm</Filter>
    </MASM>
    <MASM Include="private\sys\asm\DebugContinue.asm">
      <Filter>private\sys\asm</Filter>
    </MASM>
    <MASM Include="private\sys\asm\DelayExecution.asm">
      <Filter>private\sys\asm</Filter>
    </MASM>
    <MASM Include="private\sys\asm\DeleteAtom.asm">
      <Filter>private\sys\asm</Filter>
    </MASM>
    <MASM Include="private\sys\asm\DeleteBootEntry.asm">
      <Filter>private\sys\asm</Filter>
    </MASM>
    <MASM Include="private\sys\asm\DeleteDriverEntry.asm">
      <Filter>private\sys\asm</Filter>
    </MASM>
    <MASM Include="private\sys\asm\DeleteFile.asm">
      <Filter>private\sys\asm</Filter>
    </MASM>
    <MASM Include="private\sys\asm\DeleteKey.asm">
      <Filter>private\sys\asm</Filter>
    </MASM>
    <MASM Include="private\sys\asm\DeleteObjectAuditAlarm.asm">
      <Filter>private\sys\asm</Filter>
    </MASM>
    <MASM Include="private\sys\asm\DeletePrivateNamespace.asm">
      <Filter>private\sys\asm</Filter>
    </MASM>
    <MASM Include="private\sys\asm\DeleteValueKey.asm">
      <Filter>private\sys\asm</Filter>
    </MASM>
    <MASM Include="private\sys\asm\DeleteWnfStateData.asm">
      <Filter>private\sys\asm</Filter>
    </MASM>
    <MASM Include="private\sys\asm\DeleteWnfStateName.asm">
      <Filter>private\sys\asm</Filter>
    </MASM>
    <MASM Include="private\sys\asm\DeviceIoControlFile.asm">
      <Filter>private\sys\asm</Filter>
    </MASM>
    <MASM Include="private\sys\asm\DisableLastKnownGood.asm">
      <Filter>private\sys\asm</Filter>
    </MASM>
    <MASM Include="private\sys\asm\DisplayString.asm">
      <Filter>private\sys\asm</Filter>
    </MASM>
    <MASM Include="private\sys\asm\DrawText.asm">
      <Filter>private\sys\asm</Filter>
    </MASM>
    <MASM Include="private\sys\asm\DuplicateToken.asm">
      <Filter>private\sys\asm</Filter>
    </MASM>
    <MASM Include="private\sys\asm\EnableLastKnownGood.asm">
      <Filter>private\sys\asm</Filter>
    </MASM>
    <MASM Include="private\sys\asm\EnumerateBootEntries.asm">
      <Filter>private\sys\asm</Filter>
    </MASM>
    <MASM Include="private\sys\asm\EnumerateDriverEntries.asm">
      <Filter>private\sys\asm</Filter>
    </MASM>
    <MASM Include="private\sys\asm\EnumerateKey.asm">
      <Filter>private\sys\asm</Filter>
    </MASM>
    <MASM Include="private\sys\asm\EnumerateSystemEnvironmentValuesEx.asm">
      <Filter>private\sys\asm</Filter>
    </MASM>
    <MASM Include="private\sys\asm\EnumerateTransactionObject.asm">
      <Filter>private\sys\asm</Filter>
    </MASM>
    <MASM Include="private\sys\asm\EnumerateValueKey.asm">
      <Filter>private\sys\asm</Filter>
    </MASM>
    <MASM Include="private\sys\asm\ExtendSection.asm">
      <Filter>private\sys\asm</Filter>
    </MASM>
    <MASM Include="private\sys\asm\FilterBootOption.asm">
      <Filter>private\sys\asm</Filter>
    </MASM>
    <MASM Include="private\sys\asm\FilterToken.asm">
      <Filter>private\sys\asm</Filter>
    </MASM>
    <MASM Include="private\sys\asm\FilterTokenEx.asm">
      <Filter>private\sys\asm</Filter>
    </MASM>
    <MASM Include="private\sys\asm\FindAtom.asm">
      <Filter>private\sys\asm</Filter>
    </MASM>
    <MASM Include="private\sys\asm\FlushBuffersFile.asm">
      <Filter>private\sys\asm</Filter>
    </MASM>
    <MASM Include="private\sys\asm\FlushBuffersFileEx.asm">
      <Filter>private\sys\asm</Filter>
    </MASM>
    <MASM Include="private\sys\asm\FlushInstallUILanguage.asm">
      <Filter>private\sys\asm</Filter>
    </MASM>
    <MASM Include="private\sys\asm\FlushKey.asm">
      <Filter>private\sys\asm</Filter>
    </MASM>
    <MASM Include="private\sys\asm\FlushProcessWriteBuffers.asm">
      <Filter>private\sys\asm</Filter>
    </MASM>
    <MASM Include="private\sys\asm\FlushVirtualMemory.asm">
      <Filter>private\sys\asm</Filter>
    </MASM>
    <MASM Include="private\sys\asm\FlushWriteBuffer.asm">
      <Filter>private\sys\asm</Filter>
    </MASM>
    <MASM Include="private\sys\asm\FreeUserPhysicalPages.asm">
      <Filter>private\sys\asm</Filter>
    </MASM>
    <MASM Include="private\sys\asm\FreezeRegistry.asm">
      <Filter>private\sys\asm</Filter>
    </MASM>
    <MASM Include="private\sys\asm\FreezeTransactions.asm">
      <Filter>private\sys\asm</Filter>
    </MASM>
    <MASM Include="private\sys\asm\FsControlFile.asm">
      <Filter>private\sys\asm</Filter>
    </MASM>
    <MASM Include="private\sys\asm\GetCachedSigningLevel.asm">
      <Filter>private\sys\asm</Filter>
    </MASM>
    <MASM Include="private\sys\asm\GetCompleteWnfStateSubscription.asm">
      <Filter>private\sys\asm</Filter>
    </MASM>
    <MASM Include="private\sys\asm\GetContextThread.asm">
      <Filter>private\sys\asm</Filter>
    </MASM>
    <MASM Include="private\sys\asm\GetCurrentProcessorNumber.asm">
      <Filter>private\sys\asm</Filter>
    </MASM>
    <MASM Include="private\sys\asm\GetCurrentProcessorNumberEx.asm">
      <Filter>private\sys\asm</Filter>
    </MASM>
    <MASM Include="private\sys\asm\GetDevicePowerState.asm">
      <Filter>private\sys\asm</Filter>
    </MASM>
    <MASM Include="private\sys\asm\GetMUIRegistryInfo.asm">
      <Filter>private\sys\asm</Filter>
    </MASM>
    <MASM Include="private\sys\asm\GetNextProcess.asm">
      <Filter>private\sys\asm</Filter>
    </MASM>
    <MASM Include="private\sys\asm\GetNextThread.asm">
      <Filter>private\sys\asm</Filter>
    </MASM>
    <MASM Include="private\sys\asm\GetNlsSectionPtr.asm">
      <Filter>private\sys\asm</Filter>
    </MASM>
    <MASM Include="private\sys\asm\GetNotificationResourceManager.asm">
      <Filter>private\sys\asm</Filter>
    </MASM>
    <MASM Include="private\sys\asm\GetWriteWatch.asm">
      <Filter>private\sys\asm</Filter>
    </MASM>
    <MASM Include="private\sys\asm\ImpersonateAnonymousToken.asm">
      <Filter>private\sys\asm</Filter>
    </MASM>
    <MASM Include="private\sys\asm\ImpersonateClientOfPort.asm">
      <Filter>private\sys\asm</Filter>
    </MASM>
    <MASM Include="private\sys\asm\ImpersonateThread.asm">
      <Filter>private\sys\asm</Filter>
    </MASM>
    <MASM Include="private\sys\asm\InitializeEnclave.asm">
      <Filter>private\sys\asm</Filter>
    </MASM>
    <MASM Include="private\sys\asm\InitializeNlsFiles.asm">
      <Filter>private\sys\asm</Filter>
    </MASM>
    <MASM Include="private\sys\asm\InitializeRegistry.asm">
      <Filter>private\sys\asm</Filter>
    </MASM>
    <MASM Include="private\sys\asm\InitiatePowerAction.asm">
      <Filter>private\sys\asm</Filter>
    </MASM>
    <MASM Include="private\sys\asm\IsProcessInJob.asm">
      <Filter>private\sys\asm</Filter>
    </MASM>
    <MASM Include="private\sys\asm\IsSystemResumeAutomatic.asm">
      <Filter>private\sys\asm</Filter>
    </MASM>
    <MASM Include="private\sys\asm\IsUILanguageComitted.asm">
      <Filter>private\sys\asm</Filter>
    </MASM>
    <MASM Include="private\sys\asm\ListenPort.asm">
      <Filter>private\sys\asm</Filter>
    </MASM>
    <MASM Include="private\sys\asm\LoadDriver.asm">
      <Filter>private\sys\asm</Filter>
    </MASM>
    <MASM Include="private\sys\asm\LoadEnclaveData.asm">
      <Filter>private\sys\asm</Filter>
    </MASM>
    <MASM Include="private\sys\asm\LoadKey.asm">
      <Filter>private\sys\asm</Filter>
    </MASM>
    <MASM Include="private\sys\asm\LoadKey2.asm">
      <Filter>private\sys\asm</Filter>
    </MASM>
    <MASM Include="private\sys\asm\LoadKeyEx.asm">
      <Filter>private\sys\asm</Filter>
    </MASM>
    <MASM Include="private\sys\asm\LockFile.asm">
      <Filter>private\sys\asm</Filter>
    </MASM>
    <MASM Include="private\sys\asm\LockProductActivationKeys.asm">
      <Filter>private\sys\asm</Filter>
    </MASM>
    <MASM Include="private\sys\asm\LockRegistryKey.asm">
      <Filter>private\sys\asm</Filter>
    </MASM>
    <MASM Include="private\sys\asm\MakePermanentObject.asm">
      <Filter>private\sys\asm</Filter>
    </MASM>
    <MASM Include="private\sys\asm\MakeTemporaryObject.asm">
      <Filter>private\sys\asm</Filter>
    </MASM>
    <MASM Include="private\sys\asm\ManagePartition.asm">
      <Filter>private\sys\asm</Filter>
    </MASM>
    <MASM Include="private\sys\asm\MapCMFModule.asm">
      <Filter>private\sys\asm</Filter>
    </MASM>
    <MASM Include="private\sys\asm\MapUserPhysicalPages.asm">
      <Filter>private\sys\asm</Filter>
    </MASM>
    <MASM Include="private\sys\asm\MapUserPhysicalPagesScatter.asm">
      <Filter>private\sys\asm</Filter>
    </MASM>
    <MASM Include="private\sys\asm\MapViewOfSection.asm">
      <Filter>private\sys\asm</Filter>
    </MASM>
    <MASM Include="private\sys\asm\ModifyBootEntry.asm">
      <Filter>private\sys\asm</Filter>
    </MASM>
    <MASM Include="private\sys\asm\ModifyDriverEntry.asm">
      <Filter>private\sys\asm</Filter>
    </MASM>
    <MASM Include="private\sys\asm\NotifyChangeDirectoryFile.asm">
      <Filter>private\sys\asm</Filter>
    </MASM>
    <MASM Include="private\sys\asm\NotifyChangeKey.asm">
      <Filter>private\sys\asm</Filter>
    </MASM>
    <MASM Include="private\sys\asm\NotifyChangeMultipleKeys.asm">
      <Filter>private\sys\asm</Filter>
    </MASM>
    <MASM Include="private\sys\asm\NotifyChangeSession.asm">
      <Filter>private\sys\asm</Filter>
    </MASM>
    <MASM Include="private\sys\asm\OpenEnlistment.asm">
      <Filter>private\sys\asm</Filter>
    </MASM>
    <MASM Include="private\sys\asm\OpenEvent.asm">
      <Filter>private\sys\asm</Filter>
    </MASM>
    <MASM Include="private\sys\asm\OpenEventPair.asm">
      <Filter>private\sys\asm</Filter>
    </MASM>
    <MASM Include="private\sys\asm\OpenFile.asm">
      <Filter>private\sys\asm</Filter>
    </MASM>
    <MASM Include="private\sys\asm\OpenIoCompletion.asm">
      <Filter>private\sys\asm</Filter>
    </MASM>
    <MASM Include="private\sys\asm\OpenJobObject.asm">
      <Filter>private\sys\asm</Filter>
    </MASM>
    <MASM Include="private\sys\asm\OpenKey.asm">
      <Filter>private\sys\asm</Filter>
    </MASM>
    <MASM Include="private\sys\asm\OpenKeyedEvent.asm">
      <Filter>private\sys\asm</Filter>
    </MASM>
    <MASM Include="private\sys\asm\OpenKeyEx.asm">
      <Filter>private\sys\asm</Filter>
    </MASM>
    <MASM Include="private\sys\asm\OpenKeyTransacted.asm">
      <Filter>private\sys\asm</Filter>
    </MASM>
    <MASM Include="private\sys\asm\OpenKeyTransactedEx.asm">
      <Filter>private\sys\asm</Filter>
    </MASM>
    <MASM Include="private\sys\asm\OpenMutant.asm">
      <Filter>private\sys\asm</Filter>
    </MASM>
    <MASM Include="private\sys\asm\OpenObjectAuditAlarm.asm">
      <Filter>private\sys\asm</Filter>
    </MASM>
    <MASM Include="private\sys\asm\OpenPartition.asm">
      <Filter>private\sys\asm</Filter>
    </MASM>
    <MASM Include="private\sys\asm\OpenPrivateNamespace.asm">
      <Filter>private\sys\asm</Filter>
    </MASM>
    <MASM Include="private\sys\asm\OpenProcessTokenEx.asm">
      <Filter>private\sys\asm</Filter>
    </MASM>
    <MASM Include="private\sys\asm\OpenRegistryTransaction.asm">
      <Filter>private\sys\asm</Filter>
    </MASM>
    <MASM Include="private\sys\asm\OpenResourceManager.asm">
      <Filter>private\sys\asm</Filter>
    </MASM>
    <MASM Include="private\sys\asm\OpenSection.asm">
      <Filter>private\sys\asm</Filter>
    </MASM>
    <MASM Include="private\sys\asm\OpenSemaphore.asm">
      <Filter>private\sys\asm</Filter>
    </MASM>
    <MASM Include="private\sys\asm\OpenSession.asm">
      <Filter>private\sys\asm</Filter>
    </MASM>
    <MASM Include="private\sys\asm\OpenSymbolicLinkObject.asm">
      <Filter>private\sys\asm</Filter>
    </MASM>
    <MASM Include="private\sys\asm\OpenThread.asm">
      <Filter>private\sys\asm</Filter>
    </MASM>
    <MASM Include="private\sys\asm\OpenThreadToken.asm">
      <Filter>private\sys\asm</Filter>
    </MASM>
    <MASM Include="private\sys\asm\OpenThreadTokenEx.asm">
      <Filter>private\sys\asm</Filter>
    </MASM>
    <MASM Include="private\sys\asm\OpenTimer.asm">
      <Filter>private\sys\asm</Filter>
    </MASM>
    <MASM Include="private\sys\asm\OpenTransaction.asm">
      <Filter>private\sys\asm</Filter>
    </MASM>
    <MASM Include="private\sys\asm\OpenTransactionManager.asm">
      <Filter>private\sys\asm</Filter>
    </MASM>
    <MASM Include="private\sys\asm\PlugPlayControl.asm">
      <Filter>private\sys\asm</Filter>
    </MASM>
    <MASM Include="private\sys\asm\PowerInformation.asm">
      <Filter>private\sys\asm</Filter>
    </MASM>
    <MASM Include="private\sys\asm\PrepareComplete.asm">
      <Filter>private\sys\asm</Filter>
    </MASM>
    <MASM Include="private\sys\asm\PrepareEnlistment.asm">
      <Filter>private\sys\asm</Filter>
    </MASM>
    <MASM Include="private\sys\asm\PrePrepareComplete.asm">
      <Filter>private\sys\asm</Filter>
    </MASM>
    <MASM Include="private\sys\asm\PrePrepareEnlistment.asm">
      <Filter>private\sys\asm</Filter>
    </MASM>
    <MASM Include="private\sys\asm\PrivilegeCheck.asm">
      <Filter>private\sys\asm</Filter>
    </MASM>
    <MASM Include="private\sys\asm\PrivilegedServiceAuditAlarm.asm">
      <Filter>private\sys\asm</Filter>
    </MASM>
    <MASM Include="private\sys\asm\PrivilegeObjectAuditAlarm.asm">
      <Filter>private\sys\asm</Filter>
    </MASM>
    <MASM Include="private\sys\asm\PropagationComplete.asm">
      <Filter>private\sys\asm</Filter>
    </MASM>
    <MASM Include="private\sys\asm\PropagationFailed.asm">
      <Filter>private\sys\asm</Filter>
    </MASM>
    <MASM Include="private\sys\asm\PulseEvent.asm">
      <Filter>private\sys\asm</Filter>
    </MASM>
    <MASM Include="private\sys\asm\QueryAttributesFile.asm">
      <Filter>private\sys\asm</Filter>
    </MASM>
    <MASM Include="private\sys\asm\QueryBootEntryOrder.asm">
      <Filter>private\sys\asm</Filter>
    </MASM>
    <MASM Include="private\sys\asm\QueryBootOptions.asm">
      <Filter>private\sys\asm</Filter>
    </MASM>
    <MASM Include="private\sys\asm\QueryDebugFilterState.asm">
      <Filter>private\sys\asm</Filter>
    </MASM>
    <MASM Include="private\sys\asm\QueryDefaultLocale.asm">
      <Filter>private\sys\asm</Filter>
    </MASM>
    <MASM Include="private\sys\asm\QueryDefaultUILanguage.asm">
      <Filter>private\sys\asm</Filter>
    </MASM>
    <MASM Include="private\sys\asm\QueryDirectoryFile.asm">
      <Filter>private\sys\asm</Filter>
    </MASM>
    <MASM Include="private\sys\asm\QueryDirectoryObject.asm">
      <Filter>private\sys\asm</Filter>
    </MASM>
    <MASM Include="private\sys\asm\QueryDriverEntryOrder.asm">
      <Filter>private\sys\asm</Filter>
    </MASM>
    <MASM Include="private\sys\asm\QueryEaFile.asm">
      <Filter>private\sys\asm</Filter>
    </MASM>
    <MASM Include="private\sys\asm\QueryEvent.asm">
      <Filter>private\sys\asm</Filter>
    </MASM>
    <MASM Include="private\sys\asm\QueryFullAttributesFile.asm">
      <Filter>private\sys\asm</Filter>
    </MASM>
    <MASM Include="private\sys\asm\QueryInformationAtom.asm">
      <Filter>private\sys\asm</Filter>
    </MASM>
    <MASM Include="private\sys\asm\QueryInformationEnlistment.asm">
      <Filter>private\sys\asm</Filter>
    </MASM>
    <MASM Include="private\sys\asm\QueryInformationJobObject.asm">
      <Filter>private\sys\asm</Filter>
    </MASM>
    <MASM Include="private\sys\asm\QueryInformationPort.asm">
      <Filter>private\sys\asm</Filter>
    </MASM>
    <MASM Include="private\sys\asm\QueryInformationResourceManager.asm">
      <Filter>private\sys\asm</Filter>
    </MASM>
    <MASM Include="private\sys\asm\QueryInformationTransaction.asm">
      <Filter>private\sys\asm</Filter>
    </MASM>
    <MASM Include="private\sys\asm\QueryInformationTransactionManager.asm">
      <Filter>private\sys\asm</Filter>
    </MASM>
    <MASM Include="private\sys\asm\QueryInformationWorkerFactory.asm">
      <Filter>private\sys\asm</Filter>
    </MASM>
    <MASM Include="private\sys\asm\QueryInstallUILanguage.asm">
      <Filter>private\sys\asm</Filter>
    </MASM>
    <MASM Include="private\sys\asm\QueryIntervalProfile.asm">
      <Filter>private\sys\asm</Filter>
    </MASM>
    <MASM Include="private\sys\asm\QueryIoCompletion.asm">
      <Filter>private\sys\asm</Filter>
    </MASM>
    <MASM Include="private\sys\asm\QueryKey.asm">
      <Filter>private\sys\asm</Filter>
    </MASM>
    <MASM Include="private\sys\asm\QueryLicenseValue.asm">
      <Filter>private\sys\asm</Filter>
    </MASM>
    <MASM Include="private\sys\asm\QueryMultipleValueKey.asm">
      <Filter>private\sys\asm</Filter>
    </MASM>
    <MASM Include="private\sys\asm\QueryOpenSubKeys.asm">
      <Filter>private\sys\asm</Filter>
    </MASM>
    <MASM Include="private\sys\asm\QueryOpenSubKeysEx.asm">
      <Filter>private\sys\asm</Filter>
    </MASM>
    <MASM Include="private\sys\asm\QueryPerformanceCounter.asm">
      <Filter>private\sys\asm</Filter>
    </MASM>
    <MASM Include="private\sys\asm\QueryPortInformationProcess.asm">
      <Filter>private\sys\asm</Filter>
    </MASM>
    <MASM Include="private\sys\asm\QueryQuotaInformationFile.asm">
      <Filter>private\sys\asm</Filter>
    </MASM>
    <MASM Include="private\sys\asm\QuerySection.asm">
      <Filter>private\sys\asm</Filter>
    </MASM>
    <MASM Include="private\sys\asm\QuerySecurityAttributesToken.asm">
      <Filter>private\sys\asm</Filter>
    </MASM>
    <MASM Include="private\sys\asm\QuerySecurityObject.asm">
      <Filter>private\sys\asm</Filter>
    </MASM>
    <MASM Include="private\sys\asm\QuerySecurityPolicy.asm">
      <Filter>private\sys\asm</Filter>
    </MASM>
    <MASM Include="private\sys\asm\QuerySemaphore.asm">
      <Filter>private\sys\asm</Filter>
    </MASM>
    <MASM Include="private\sys\asm\QuerySymbolicLinkObject.asm">
      <Filter>private\sys\asm</Filter>
    </MASM>
    <MASM Include="private\sys\asm\QuerySystemEnvironmentValue.asm">
      <Filter>private\sys\asm</Filter>
    </MASM>
    <MASM Include="private\sys\asm\QuerySystemEnvironmentValueEx.asm">
      <Filter>private\sys\asm</Filter>
    </MASM>
    <MASM Include="private\sys\asm\QuerySystemInformationEx.asm">
      <Filter>private\sys\asm</Filter>
    </MASM>
    <MASM Include="private\sys\asm\QuerySystemTime.asm">
      <Filter>private\sys\asm</Filter>
    </MASM>
    <MASM Include="private\sys\asm\QueryTimer.asm">
      <Filter>private\sys\asm</Filter>
    </MASM>
    <MASM Include="private\sys\asm\QueryTimerResolution.asm">
      <Filter>private\sys\asm</Filter>
    </MASM>
    <MASM Include="private\sys\asm\QueryValueKey.asm">
      <Filter>private\sys\asm</Filter>
    </MASM>
    <MASM Include="private\sys\asm\QueryWnfStateData.asm">
      <Filter>private\sys\asm</Filter>
    </MASM>
    <MASM Include="private\sys\asm\QueryWnfStateNameInformation.asm">
      <Filter>private\sys\asm</Filter>
    </MASM>
    <MASM Include="private\sys\asm\QueueApcThread.asm">
      <Filter>private\sys\asm</Filter>
    </MASM>
    <MASM Include="private\sys\asm\QueueApcThreadEx.asm">
      <Filter>private\sys\asm</Filter>
    </MASM>
    <MASM Include="private\sys\asm\RaiseException.asm">
      <Filter>private\sys\asm</Filter>
    </MASM>
    <MASM Include="private\sys\asm\RaiseHardError.asm">
      <Filter>private\sys\asm</Filter>
    </MASM>
    <MASM Include="private\sys\asm\ReadFile.asm">
      <Filter>private\sys\asm</Filter>
    </MASM>
    <MASM Include="private\sys\asm\ReadFileScatter.asm">
      <Filter>private\sys\asm</Filter>
    </MASM>
    <MASM Include="private\sys\asm\ReadOnlyEnlistment.asm">
      <Filter>private\sys\asm</Filter>
    </MASM>
    <MASM Include="private\sys\asm\ReadRequestData.asm">
      <Filter>private\sys\asm</Filter>
    </MASM>
    <MASM Include="private\sys\asm\RecoverEnlistment.asm">
      <Filter>private\sys\asm</Filter>
    </MASM>
    <MASM Include="private\sys\asm\RecoverResourceManager.asm">
      <Filter>private\sys\asm</Filter>
    </MASM>
    <MASM Include="private\sys\asm\RecoverTransactionManager.asm">
      <Filter>private\sys\asm</Filter>
    </MASM>
    <MASM Include="private\sys\asm\RegisterProtocolAddressInformation.asm">
      <Filter>private\sys\asm</Filter>
    </MASM>
    <MASM Include="private\sys\asm\RegisterThreadTerminatePort.asm">
      <Filter>private\sys\asm</Filter>
    </MASM>
    <MASM Include="private\sys\asm\ReleaseKeyedEvent.asm">
      <Filter>private\sys\asm</Filter>
    </MASM>
    <MASM Include="private\sys\asm\ReleaseMutant.asm">
      <Filter>private\sys\asm</Filter>
    </MASM>
    <MASM Include="private\sys\asm\ReleaseSemaphore.asm">
      <Filter>private\sys\asm</Filter>
    </MASM>
    <MASM Include="private\sys\asm\ReleaseWorkerFactoryWorker.asm">
      <Filter>private\sys\asm</Filter>
    </MASM>
    <MASM Include="private\sys\asm\RemoveIoCompletion.asm">
      <Filter>private\sys\asm</Filter>
    </MASM>
    <MASM Include="private\sys\asm\RemoveIoCompletionEx.asm">
      <Filter>private\sys\asm</Filter>
    </MASM>
    <MASM Include="private\sys\asm\RemoveProcessDebug.asm">
      <Filter>private\sys\asm</Filter>
    </MASM>
    <MASM Include="private\sys\asm\RenameKey.asm">
      <Filter>private\sys\asm</Filter>
    </MASM>
    <MASM Include="private\sys\asm\RenameTransactionManager.asm">
      <Filter>private\sys\asm</Filter>
    </MASM>
    <MASM Include="private\sys\asm\ReplaceKey.asm">
      <Filter>private\sys\asm</Filter>
    </MASM>
    <MASM Include="private\sys\asm\ReplacePartitionUnit.asm">
      <Filter>private\sys\asm</Filter>
    </MASM>
    <MASM Include="private\sys\asm\ReplyPort.asm">
      <Filter>private\sys\asm</Filter>
    </MASM>
    <MASM Include="private\sys\asm\ReplyWaitReceivePort.asm">
      <Filter>private\sys\asm</Filter>
    </MASM>
    <MASM Include="private\sys\asm\ReplyWaitReceivePortEx.asm">
      <Filter>private\sys\asm</Filter>
    </MASM>
    <MASM Include="private\sys\asm\ReplyWaitReplyPort.asm">
      <Filter>private\sys\asm</Filter>
    </MASM>
    <MASM Include="private\sys\asm\RequestPort.asm">
      <Filter>private\sys\asm</Filter>
    </MASM>
    <MASM Include="private\sys\asm\RequestWaitReplyPort.asm">
      <Filter>private\sys\asm</Filter>
    </MASM>
    <MASM Include="private\sys\asm\ResetEvent.asm">
      <Filter>private\sys\asm</Filter>
    </MASM>
    <MASM Include="private\sys\asm\ResetWriteWatch.asm">
      <Filter>private\sys\asm</Filter>
    </MASM>
    <MASM Include="private\sys\asm\RestoreKey.asm">
      <Filter>private\sys\asm</Filter>
    </MASM>
    <MASM Include="private\sys\asm\RevertContainerImpersonation.asm">
      <Filter>private\sys\asm</Filter>
    </MASM>
    <MASM Include="private\sys\asm\RollbackComplete.asm">
      <Filter>private\sys\asm</Filter>
    </MASM>
    <MASM Include="private\sys\asm\RollbackEnlistment.asm">
      <Filter>private\sys\asm</Filter>
    </MASM>
    <MASM Include="private\sys\asm\RollbackRegistryTransaction.asm">
      <Filter>private\sys\asm</Filter>
    </MASM>
    <MASM Include="private\sys\asm\RollbackTransaction.asm">
      <Filter>private\sys\asm</Filter>
    </MASM>
    <MASM Include="private\sys\asm\RollforwardTransactionManager.asm">
      <Filter>private\sys\asm</Filter>
    </MASM>
    <MASM Include="private\sys\asm\SaveKey.asm">
      <Filter>private\sys\asm</Filter>
    </MASM>
    <MASM Include="private\sys\asm\SaveKeyEx.asm">
      <Filter>private\sys\asm</Filter>
    </MASM>
    <MASM Include="private\sys\asm\SaveMergedKeys.asm">
      <Filter>private\sys\asm</Filter>
    </MASM>
    <MASM Include="private\sys\asm\SecureConnectPort.asm">
      <Filter>private\sys\asm</Filter>
    </MASM>
    <MASM Include="private\sys\asm\SerializeBoot.asm">
      <Filter>private\sys\asm</Filter>
    </MASM>
    <MASM Include="private\sys\asm\SetBootEntryOrder.asm">
      <Filter>private\sys\asm</Filter>
    </MASM>
    <MASM Include="private\sys\asm\SetBootOptions.asm">
      <Filter>private\sys\asm</Filter>
    </MASM>
    <MASM Include="private\sys\asm\SetCachedSigningLevel.asm">
      <Filter>private\sys\asm</Filter>
    </MASM>
    <MASM Include="private\sys\asm\SetCachedSigningLevel2.asm">
      <Filter>private\sys\asm</Filter>
    </MASM>
    <MASM Include="private\sys\asm\SetContextThread.asm">
      <Filter>private\sys\asm</Filter>
    </MASM>
    <MASM Include="private\sys\asm\SetDebugFilterState.asm">
      <Filter>private\sys\asm</Filter>
    </MASM>
    <MASM Include="private\sys\asm\SetDefaultHardErrorPort.asm">
      <Filter>private\sys\asm</Filter>
    </MASM>
    <MASM Include="private\sys\asm\SetDefaultLocale.asm">
      <Filter>private\sys\asm</Filter>
    </MASM>
    <MASM Include="private\sys\asm\SetDefaultUILanguage.asm">
      <Filter>private\sys\asm</Filter>
    </MASM>
    <MASM Include="private\sys\asm\SetDriverEntryOrder.asm">
      <Filter>private\sys\asm</Filter>
    </MASM>
    <MASM Include="private\sys\asm\SetEaFile.asm">
      <Filter>private\sys\asm</Filter>
    </MASM>
    <MASM Include="private\sys\asm\SetEvent.asm">
      <Filter>private\sys\asm</Filter>
    </MASM>
    <MASM Include="private\sys\asm\SetEventBoostPriority.asm">
      <Filter>private\sys\asm</Filter>
    </MASM>
    <MASM Include="private\sys\asm\SetHighEventPair.asm">
      <Filter>private\sys\asm</Filter>
    </MASM>
    <MASM Include="private\sys\asm\SetHighWaitLowEventPair.asm">
      <Filter>private\sys\asm</Filter>
    </MASM>
    <MASM Include="private\sys\asm\SetInformationDebugObject.asm">
      <Filter>private\sys\asm</Filter>
    </MASM>
    <MASM Include="private\sys\asm\SetInformationEnlistment.asm">
      <Filter>private\sys\asm</Filter>
    </MASM>
    <MASM Include="private\sys\asm\SetInformationFile.asm">
      <Filter>private\sys\asm</Filter>
    </MASM>
    <MASM Include="private\sys\asm\SetInformationJobObject.asm">
      <Filter>private\sys\asm</Filter>
    </MASM>
    <MASM Include="private\sys\asm\SetInformationKey.asm">
      <Filter>private\sys\asm</Filter>
    </MASM>
    <MASM Include="private\sys\asm\SetInformationObject.asm">
      <Filter>private\sys\asm</Filter>
    </MASM>
    <MASM Include="private\sys\asm\SetInformationProcess.asm">
      <Filter>private\sys\asm</Filter>
    </MASM>
    <MASM Include="private\sys\asm\SetInformationResourceManager.asm">
      <Filter>private\sys\asm</Filter>
    </MASM>
    <MASM Include="private\sys\asm\SetInformationSymbolicLink.asm">
      <Filter>private\sys\asm</Filter>
    </MASM>
    <MASM Include="private\sys\asm\SetInformationToken.asm">
      <Filter>private\sys\asm</Filter>
    </MASM>
    <MASM Include="private\sys\asm\SetInformationTransaction.asm">
      <Filter>private\sys\asm</Filter>
    </MASM>
    <MASM Include="private\sys\asm\SetInformationTransactionManager.asm">
      <Filter>private\sys\asm</Filter>
    </MASM>
    <MASM Include="private\sys\asm\SetInformationVirtualMemory.asm">
      <Filter>private\sys\asm</Filter>
    </MASM>
    <MASM Include="private\sys\asm\SetInformationWorkerFactory.asm">
      <Filter>private\sys\asm</Filter>
    </MASM>
    <MASM Include="private\sys\asm\SetIntervalProfile.asm">
      <Filter>private\sys\asm</Filter>
    </MASM>
    <MASM Include="private\sys\asm\SetIoCompletion.asm">
      <Filter>private\sys\asm</Filter>
    </MASM>
    <MASM Include="private\sys\asm\SetIoCompletionEx.asm">
      <Filter>private\sys\asm</Filter>
    </MASM>
    <MASM Include="private\sys\asm\SetIRTimer.asm">
      <Filter>private\sys\asm</Filter>
    </MASM>
    <MASM Include="private\sys\asm\SetLdtEntries.asm">
      <Filter>private\sys\asm</Filter>
    </MASM>
    <MASM Include="private\sys\asm\SetLowEventPair.asm">
      <Filter>private\sys\asm</Filter>
    </MASM>
    <MASM Include="private\sys\asm\SetLowWaitHighEventPair.asm">
      <Filter>private\sys\asm</Filter>
    </MASM>
    <MASM Include="private\sys\asm\SetQuotaInformationFile.asm">
      <Filter>private\sys\asm</Filter>
    </MASM>
    <MASM Include="private\sys\asm\SetSecurityObject.asm">
      <Filter>private\sys\asm</Filter>
    </MASM>
    <MASM Include="private\sys\asm\SetSystemEnvironmentValue.asm">
      <Filter>private\sys\asm</Filter>
    </MASM>
    <MASM Include="private\sys\asm\SetSystemEnvironmentValueEx.asm">
      <Filter>private\sys\asm</Filter>
    </MASM>
    <MASM Include="private\sys\asm\SetSystemInformation.asm">
      <Filter>private\sys\asm</Filter>
    </MASM>
    <MASM Include="private\sys\asm\SetSystemPowerState.asm">
      <Filter>private\sys\asm</Filter>
    </MASM>
    <MASM Include="private\sys\asm\SetSystemTime.asm">
      <Filter>private\sys\asm</Filter>
    </MASM>
    <MASM Include="private\sys\asm\SetThreadExecutionState.asm">
      <Filter>private\sys\asm</Filter>
    </MASM>
    <MASM Include="private\sys\asm\SetTimer.asm">
      <Filter>private\sys\asm</Filter>
    </MASM>
    <MASM Include="private\sys\asm\SetTimer2.asm">
      <Filter>private\sys\asm</Filter>
    </MASM>
    <MASM Include="private\sys\asm\SetTimerEx.asm">
      <Filter>private\sys\asm</Filter>
    </MASM>
    <MASM Include="private\sys\asm\SetTimerResolution.asm">
      <Filter>private\sys\asm</Filter>
    </MASM>
    <MASM Include="private\sys\asm\SetUuidSeed.asm">
      <Filter>private\sys\asm</Filter>
    </MASM>
    <MASM Include="private\sys\asm\SetValueKey.asm">
      <Filter>private\sys\asm</Filter>
    </MASM>
    <MASM Include="private\sys\asm\SetVolumeInformationFile.asm">
      <Filter>private\sys\asm</Filter>
    </MASM>
    <MASM Include="private\sys\asm\SetWnfProcessNotificationEvent.asm">
      <Filter>private\sys\asm</Filter>
    </MASM>
    <MASM Include="private\sys\asm\ShutdownSystem.asm">
      <Filter>private\sys\asm</Filter>
    </MASM>
    <MASM Include="private\sys\asm\ShutdownWorkerFactory.asm">
      <Filter>private\sys\asm</Filter>
    </MASM>
    <MASM Include="private\sys\asm\SignalAndWaitForSingleObject.asm">
      <Filter>private\sys\asm</Filter>
    </MASM>
    <MASM Include="private\sys\asm\SinglePhaseReject.asm">
      <Filter>private\sys\asm</Filter>
    </MASM>
    <MASM Include="private\sys\asm\StartProfile.asm">
      <Filter>private\sys\asm</Filter>
    </MASM>
    <MASM Include="private\sys\asm\StopProfile.asm">
      <Filter>private\sys\asm</Filter>
    </MASM>
    <MASM Include="private\sys\asm\SubscribeWnfStateChange.asm">
      <Filter>private\sys\asm</Filter>
    </MASM>
    <MASM Include="private\sys\asm\SuspendThread.asm">
      <Filter>private\sys\asm</Filter>
    </MASM>
    <MASM Include="private\sys\asm\SystemDebugControl.asm">
      <Filter>private\sys\asm</Filter>
    </MASM>
    <MASM Include="private\sys\asm\TerminateJobObject.asm">
      <Filter>private\sys\asm</Filter>
    </MASM>
    <MASM Include="private\sys\asm\TerminateProcess.asm">
      <Filter>private\sys\asm</Filter>
    </MASM>
    <MASM Include="private\sys\asm\TerminateThread.asm">
      <Filter>private\sys\asm</Filter>
    </MASM>
    <MASM Include="private\sys\asm\TestAlert.asm">
      <Filter>private\sys\asm</Filter>
    </MASM>
    <MASM Include="private\sys\asm\ThawRegistry.asm">
      <Filter>private\sys\asm</Filter>
    </MASM>
    <MASM Include="private\sys\asm\ThawTransactions.asm">
      <Filter>private\sys\asm</Filter>
    </MASM>
    <MASM Include="private\sys\asm\TraceControl.asm">
      <Filter>private\sys\asm</Filter>
    </MASM>
    <MASM Include="private\sys\asm\TraceEvent.asm">
      <Filter>private\sys\asm</Filter>
    </MASM>
    <MASM Include="private\sys\asm\TranslateFilePath.asm">
      <Filter>private\sys\asm</Filter>
    </MASM>
    <MASM Include="private\sys\asm\UmsThreadYield.asm">
      <Filter>private\sys\asm</Filter>
    </MASM>
    <MASM Include="private\sys\asm\UnloadDriver.asm">
      <Filter>private\sys\asm</Filter>
    </MASM>
    <MASM Include="private\sys\asm\UnloadKey.asm">
      <Filter>private\sys\asm</Filter>
    </MASM>
    <MASM Include="private\sys\asm\UnloadKey2.asm">
      <Filter>private\sys\asm</Filter>
    </MASM>
    <MASM Include="private\sys\asm\UnloadKeyEx.asm">
      <Filter>private\sys\asm</Filter>
    </MASM>
    <MASM Include="private\sys\asm\UnlockFile.asm">
      <Filter>private\sys\asm</Filter>
    </MASM>
    <MASM Include="private\sys\asm\UnmapViewOfSection.asm">
      <Filter>private\sys\asm</Filter>
    </MASM>
    <MASM Include="private\sys\asm\UnmapViewOfSectionEx.asm">
      <Filter>private\sys\asm</Filter>
    </MASM>
    <MASM Include="private\sys\asm\UnsubscribeWnfStateChange.asm">
      <Filter>private\sys\asm</Filter>
    </MASM>
    <MASM Include="private\sys\asm\UpdateWnfStateData.asm">
      <Filter>private\sys\asm</Filter>
    </MASM>
    <MASM Include="private\sys\asm\VdmControl.asm">
      <Filter>private\sys\asm</Filter>
    </MASM>
    <MASM Include="private\sys\asm\WaitForAlertByThreadId.asm">
      <Filter>private\sys\asm</Filter>
    </MASM>
    <MASM Include="private\sys\asm\WaitForDebugEvent.asm">
      <Filter>private\sys\asm</Filter>
    </MASM>
    <MASM Include="private\sys\asm\WaitForKeyedEvent.asm">
      <Filter>private\sys\asm</Filter>
    </MASM>
    <MASM Include="private\sys\asm\WaitForMultipleObjects32.asm">
      <Filter>private\sys\asm</Filter>
    </MASM>
    <MASM Include="private\sys\asm\WaitForWorkViaWorkerFactory.asm">
      <Filter>private\sys\asm</Filter>
    </MASM>
    <MASM Include="private\sys\asm\WaitHighEventPair.asm">
      <Filter>private\sys\asm</Filter>
    </MASM>
    <MASM Include="private\sys\asm\WaitLowEventPair.asm">
      <Filter>private\sys\asm</Filter>
    </MASM>
    <MASM Include="private\sys\asm\WorkerFactoryWorkerReady.asm">
      <Filter>private\sys\asm</Filter>
    </MASM>
    <MASM Include="private\sys\asm\WriteFile.asm">
      <Filter>private\sys\asm</Filter>
    </MASM>
    <MASM Include="private\sys\asm\WriteFileGather.asm">
      <Filter>private\sys\asm</Filter>
    </MASM>
    <MASM Include="private\sys\asm\WriteRequestData.asm">
      <Filter>private\sys\asm</Filter>
    </MASM>
    <MASM Include="private\sys\asm\YieldExecution.asm">
      <Filter>private\sys\asm</Filter>
    </MASM>
    <MASM Include="private\sys\asm\WriteVirtualMemory.asm">
      <Filter>private\sys\asm</Filter>
    </MASM>
    <MASM Include="private\sys\asm\Wow64ReadVirtualMemory64.asm">
      <Filter>private\sys\asm</Filter>
    </MASM>
    <MASM Include="private\sys\asm\Wow64QueryInformationProcess64.asm">
      <Filter>private\sys\asm</Filter>
    </MASM>
    <MASM Include="private\sys\asm\Wow64WriteVirtualMemory64.asm">
      <Filter>private\sys\asm</Filter>
    </MASM>
    <MASM Include="private\sys\asm\QueryMutant.asm" />
    <MASM Include="private\sys\asm\Wow64AllocateVirtualMemory64.asm" />
  </ItemGroup>
  <ItemGroup>
    <Filter Include="private">
      <UniqueIdentifier>{0ddf48ab-0694-40d2-bb41-d2d9ef3c8324}</UniqueIdentifier>
    </Filter>
    <Filter Include="public">
      <UniqueIdentifier>{930b2bd8-2242-4f73-a0fe-51d6dfe3132a}</UniqueIdentifier>
    </Filter>
    <Filter Include="private\distorm">
      <UniqueIdentifier>{8ffeac98-cad4-4bf9-8075-323ade4bd889}</UniqueIdentifier>
    </Filter>
    <Filter Include="private\sys">
      <UniqueIdentifier>{038c6612-06f0-471b-8684-08320b1448b6}</UniqueIdentifier>
    </Filter>
    <Filter Include="private\sys\asm">
      <UniqueIdentifier>{e98453f3-69be-47b5-aad2-6023d51e816e}</UniqueIdentifier>
    </Filter>
    <Filter Include="include">
      <UniqueIdentifier>{8d76bb82-8eab-47eb-ba8c-8599b1a7aaf9}</UniqueIdentifier>
    </Filter>
    <Filter Include="private\kernel">
      <UniqueIdentifier>{8043d00d-c86a-4972-9946-3d161d102ae7}</UniqueIdentifier>
    </Filter>
  </ItemGroup>
</Project>